{
  "version": 4,
  "terraform_version": "1.14.6",
  "serial": 375,
  "lineage": "75cfbdbc-a0d5-bef0-822c-9e337db130f6",
  "outputs": {},
  "resources": [
    {
      "mode": "managed",
      "type": "aws_db_instance",
      "name": "db",
      "provider": "provider[\"registry.terraform.io/hashicorp/aws\"]",
      "instances": [
        {
          "schema_version": 2,
          "attributes": {
            "address": "terraform-20260324183554673600000003.clgq44qwk2qh.ap-south-1.rds.amazonaws.com",
            "allocated_storage": 20,
            "allow_major_version_upgrade": null,
            "apply_immediately": false,
            "arn": "arn:aws:rds:ap-south-1:530639775842:db:terraform-20260324183554673600000003",
            "auto_minor_version_upgrade": true,
            "availability_zone": "ap-south-1b",
            "backup_retention_period": 0,
            "backup_target": "region",
            "backup_window": "17:21-17:51",
            "blue_green_update": [],
            "ca_cert_identifier": "rds-ca-rsa2048-g1",
            "character_set_name": "",
            "copy_tags_to_snapshot": false,
            "custom_iam_instance_profile": "",
            "customer_owned_ip_enabled": false,
            "database_insights_mode": "standard",
            "db_name": "",
            "db_subnet_group_name": "default",
            "dedicated_log_volume": false,
            "delete_automated_backups": true,
            "deletion_protection": false,
            "domain": "",
            "domain_auth_secret_arn": "",
            "domain_dns_ips": [],
            "domain_fqdn": "",
            "domain_iam_role_name": "",
            "domain_ou": "",
            "enabled_cloudwatch_logs_exports": [],
            "endpoint": "terraform-20260324183554673600000003.clgq44qwk2qh.ap-south-1.rds.amazonaws.com:3306",
            "engine": "mysql",
            "engine_lifecycle_support": "open-source-rds-extended-support",
            "engine_version": "8.4.7",
            "engine_version_actual": "8.4.7",
            "final_snapshot_identifier": null,
            "hosted_zone_id": "Z2VFMSZA74J7XZ",
            "iam_database_authentication_enabled": false,
            "id": "db-M6BSXY43RUHZEGPAHIB36N4RNA",
            "identifier": "terraform-20260324183554673600000003",
            "identifier_prefix": "terraform-",
            "instance_class": "db.t3.micro",
            "iops": 0,
            "kms_key_id": "",
            "latest_restorable_time": "",
            "license_model": "general-public-license",
            "listener_endpoint": [],
            "maintenance_window": "sun:12:46-sun:13:16",
            "manage_master_user_password": null,
            "master_user_secret": [],
            "master_user_secret_kms_key_id": null,
            "max_allocated_storage": 0,
            "monitoring_interval": 0,
            "monitoring_role_arn": "",
            "multi_az": false,
            "nchar_character_set_name": "",
            "network_type": "IPV4",
            "option_group_name": "default:mysql-8-4",
            "parameter_group_name": "default.mysql8.4",
            "password": "password123",
            "password_wo": null,
            "password_wo_version": null,
            "performance_insights_enabled": false,
            "performance_insights_kms_key_id": "",
            "performance_insights_retention_period": 0,
            "port": 3306,
            "publicly_accessible": false,
            "replica_mode": "",
            "replicas": [],
            "replicate_source_db": "",
            "resource_id": "db-M6BSXY43RUHZEGPAHIB36N4RNA",
            "restore_to_point_in_time": [],
            "s3_import": [],
            "skip_final_snapshot": true,
            "snapshot_identifier": null,
            "status": "available",
            "storage_encrypted": false,
            "storage_throughput": 0,
            "storage_type": "gp2",
            "tags": {},
            "tags_all": {},
            "timeouts": null,
            "timezone": "",
            "upgrade_storage_config": null,
            "username": "admin",
            "vpc_security_group_ids": [
              "sg-0de1fc65bb19844e7"
            ]
          },
          "sensitive_attributes": [
            [
              {
                "type": "get_attr",
                "value": "password"
              }
            ],
            [
              {
                "type": "get_attr",
                "value": "password_wo"
              }
            ]
          ],
          "identity_schema_version": 0,
          "private": "eyJlMmJmYjczMC1lY2FhLTExZTYtOGY4OC0zNDM2M2JjN2M0YzAiOnsiY3JlYXRlIjozMDAwMDAwMDAwMDAwLCJkZWxldGUiOjM2MDAwMDAwMDAwMDAsInVwZGF0ZSI6NDgwMDAwMDAwMDAwMH0sInNjaGVtYV92ZXJzaW9uIjoiMiJ9"
        }
      ]
    },
    {
      "module": "module.eks",
      "mode": "data",
      "type": "aws_caller_identity",
      "name": "current",
      "provider": "provider[\"registry.terraform.io/hashicorp/aws\"]",
      "instances": [
        {
          "schema_version": 0,
          "attributes": {
            "account_id": "530639775842",
            "arn": "arn:aws:iam::530639775842:user/Axel",
            "id": "530639775842",
            "user_id": "AIDAXXDEYNBROIHCAIHOW"
          },
          "sensitive_attributes": [],
          "identity_schema_version": 0
        }
      ]
    },
    {
      "module": "module.eks",
      "mode": "data",
      "type": "aws_iam_policy_document",
      "name": "assume_role_policy",
      "provider": "provider[\"registry.terraform.io/hashicorp/aws\"]",
      "instances": [
        {
          "index_key": 0,
          "schema_version": 0,
          "attributes": {
            "id": "1530481229",
            "json": "{\n  \"Version\": \"2012-10-17\",\n  \"Statement\": [\n    {\n      \"Sid\": \"EKSClusterAssumeRole\",\n      \"Effect\": \"Allow\",\n      \"Action\": \"sts:AssumeRole\",\n      \"Principal\": {\n        \"Service\": \"eks.amazonaws.com\"\n      }\n    }\n  ]\n}",
            "minified_json": "{\"Version\":\"2012-10-17\",\"Statement\":[{\"Sid\":\"EKSClusterAssumeRole\",\"Effect\":\"Allow\",\"Action\":\"sts:AssumeRole\",\"Principal\":{\"Service\":\"eks.amazonaws.com\"}}]}",
            "override_json": null,
            "override_policy_documents": null,
            "policy_id": null,
            "source_json": null,
            "source_policy_documents": null,
            "statement": [
              {
                "actions": [
                  "sts:AssumeRole"
                ],
                "condition": [],
                "effect": "Allow",
                "not_actions": [],
                "not_principals": [],
                "not_resources": [],
                "principals": [
                  {
                    "identifiers": [
                      "eks.amazonaws.com"
                    ],
                    "type": "Service"
                  }
                ],
                "resources": [],
                "sid": "EKSClusterAssumeRole"
              }
            ],
            "version": "2012-10-17"
          },
          "sensitive_attributes": [],
          "identity_schema_version": 0
        }
      ]
    },
    {
      "module": "module.eks",
      "mode": "data",
      "type": "aws_iam_session_context",
      "name": "current",
      "provider": "provider[\"registry.terraform.io/hashicorp/aws\"]",
      "instances": [
        {
          "schema_version": 0,
          "attributes": {
            "arn": "arn:aws:iam::530639775842:user/Axel",
            "id": "arn:aws:iam::530639775842:user/Axel",
            "issuer_arn": "arn:aws:iam::530639775842:user/Axel",
            "issuer_id": "",
            "issuer_name": "",
            "session_name": ""
          },
          "sensitive_attributes": [],
          "identity_schema_version": 0
        }
      ]
    },
    {
      "module": "module.eks",
      "mode": "data",
      "type": "aws_partition",
      "name": "current",
      "provider": "provider[\"registry.terraform.io/hashicorp/aws\"]",
      "instances": [
        {
          "schema_version": 0,
          "attributes": {
            "dns_suffix": "amazonaws.com",
            "id": "aws",
            "partition": "aws",
            "reverse_dns_prefix": "com.amazonaws"
          },
          "sensitive_attributes": [],
          "identity_schema_version": 0
        }
      ]
    },
    {
      "module": "module.eks",
      "mode": "data",
      "type": "tls_certificate",
      "name": "this",
      "provider": "provider[\"registry.terraform.io/hashicorp/tls\"]",
      "instances": [
        {
          "index_key": 0,
          "schema_version": 0,
          "attributes": {
            "certificates": [
              {
                "cert_pem": "-----BEGIN CERTIFICATE-----\nMIIEkjCCA3qgAwIBAgITBn+USionzfP6wq4rAfkI7rnExjANBgkqhkiG9w0BAQsF\nADCBmDELMAkGA1UEBhMCVVMxEDAOBgNVBAgTB0FyaXpvbmExEzARBgNVBAcTClNj\nb3R0c2RhbGUxJTAjBgNVBAoTHFN0YXJmaWVsZCBUZWNobm9sb2dpZXMsIEluYy4x\nOzA5BgNVBAMTMlN0YXJmaWVsZCBTZXJ2aWNlcyBSb290IENlcnRpZmljYXRlIEF1\ndGhvcml0eSAtIEcyMB4XDTE1MDUyNTEyMDAwMFoXDTM3MTIzMTAxMDAwMFowOTEL\nMAkGA1UEBhMCVVMxDzANBgNVBAoTBkFtYXpvbjEZMBcGA1UEAxMQQW1hem9uIFJv\nb3QgQ0EgMTCCASIwDQYJKoZIhvcNAQEBBQADggEPADCCAQoCggEBALJ4gHHKeNXj\nca9HgFB0fW7Y14h29Jlo91ghYPl0hAEvrAIthtOgQ3pOsqTQNroBvo3bSMgHFzZM\n9O6II8c+6zf1tRn4SWiw3te5djgdYZ6k/oI2peVKVuRF4fn9tBb6dNqcmzU5L/qw\nIFAGbHrQgLKm+a/sRxmPUDgH3KKHOVj4utWp+UhnMJbulHheb4mjUcAwhmahRWa6\nVOujw5H5SNz/0egwLX0tdHA114gk957EWW67c4cX8jJGKLhD+rcdqsq08p8kDi1L\n93FcXmn/6pUCyziKrlA4b9v7LWIbxcceVOF34GfID5yHI9Y/QCB/IIDEgEw+OyQm\njgSubJrIqg0CAwEAAaOCATEwggEtMA8GA1UdEwEB/wQFMAMBAf8wDgYDVR0PAQH/\nBAQDAgGGMB0GA1UdDgQWBBSEGMyFNOy8DJSULghZnMeyEE4KCDAfBgNVHSMEGDAW\ngBScXwDfqgHXMCs4iKK4bUqc8hGRgzB4BggrBgEFBQcBAQRsMGowLgYIKwYBBQUH\nMAGGImh0dHA6Ly9vY3NwLnJvb3RnMi5hbWF6b250cnVzdC5jb20wOAYIKwYBBQUH\nMAKGLGh0dHA6Ly9jcnQucm9vdGcyLmFtYXpvbnRydXN0LmNvbS9yb290ZzIuY2Vy\nMD0GA1UdHwQ2MDQwMqAwoC6GLGh0dHA6Ly9jcmwucm9vdGcyLmFtYXpvbnRydXN0\nLmNvbS9yb290ZzIuY3JsMBEGA1UdIAQKMAgwBgYEVR0gADANBgkqhkiG9w0BAQsF\nAAOCAQEAYjdCXLwQtT6LLOkMm2xF4gcAevnFWAu5CIw+7bMlPLVvUOTNNWqnkzSW\nMiGpSESrnO09tKpzbeR/FoCJbM8oAxiDR3mjEH4wW6w7sGDgd9QIpuEdfF7Au/ma\neyKdpwAJfqxGF4PcnCZXmTA5YpaP7dreqsXMGz7KQ2hsVxa81Q4gLv7/wmpdLqBK\nbRRYh5TmOTFffHPLkIhqhBGWJ6bt2YFGpn6jcgAKUj6DiAdjd4lpFw85hdKrCEVN\n0FE6/V1dN2RMfjCyVSRCnTawXZwXgWHxyvkQAiSr6w10kY17RSlQOYiypok1JR4U\nakcjMS9cmvqtmg5iUaQqqcT5NJ0hGA==\n-----END CERTIFICATE-----\n",
                "is_ca": true,
                "issuer": "CN=Starfield Services Root Certificate Authority - G2,O=Starfield Technologies\\, Inc.,L=Scottsdale,ST=Arizona,C=US",
                "max_path_length": -1,
                "not_after": "2037-12-31T01:00:00Z",
                "not_before": "2015-05-25T12:00:00Z",
                "public_key_algorithm": "RSA",
                "serial_number": "144918191876577076464031512351042010504348870",
                "sha1_fingerprint": "06b25927c42a721631c1efd9431e648fa62e1e39",
                "signature_algorithm": "SHA256-RSA",
                "subject": "CN=Amazon Root CA 1,O=Amazon,C=US",
                "version": 3
              },
              {
                "cert_pem": "-----BEGIN CERTIFICATE-----\nMIIEXjCCA0agAwIBAgITB3MSOAudZoijOx7Zv5zNpo4ODzANBgkqhkiG9w0BAQsF\nADA5MQswCQYDVQQGEwJVUzEPMA0GA1UEChMGQW1hem9uMRkwFwYDVQQDExBBbWF6\nb24gUm9vdCBDQSAxMB4XDTIyMDgyMzIyMjEyOFoXDTMwMDgyMzIyMjEyOFowPDEL\nMAkGA1UEBhMCVVMxDzANBgNVBAoTBkFtYXpvbjEcMBoGA1UEAxMTQW1hem9uIFJT\nQSAyMDQ4IE0wMTCCASIwDQYJKoZIhvcNAQEBBQADggEPADCCAQoCggEBAOtxLKnL\nH4gokjIwr4pXD3i3NyWVVYesZ1yX0yLI2qIUZ2t88Gfa4gMqs1YSXca1R/lnCKeT\nepWSGA+0+fkQNpp/L4C2T7oTTsddUx7g3ZYzByDTlrwS5HRQQqEFE3O1T5tEJP4t\nf+28IoXsNiEzl3UGzicYgtzj2cWCB41eJgEmJmcf2T8TzzK6a614ZPyq/w4CPAff\nnAV4coz96nW3AyiE2uhuB4zQUIXvgVSycW7sbWLvj5TDXunEpNCRwC4kkZjK7rol\njtT2cbb7W2s4Bkg3R42G3PLqBvt2N32e/0JOTViCk8/iccJ4sXqrS1uUN4iB5Nmv\nJK74csVl+0u0UecCAwEAAaOCAVowggFWMBIGA1UdEwEB/wQIMAYBAf8CAQAwDgYD\nVR0PAQH/BAQDAgGGMB0GA1UdJQQWMBQGCCsGAQUFBwMBBggrBgEFBQcDAjAdBgNV\nHQ4EFgQUgbgOY4qJEhjl+js7UJWf5uWQE4UwHwYDVR0jBBgwFoAUhBjMhTTsvAyU\nlC4IWZzHshBOCggwewYIKwYBBQUHAQEEbzBtMC8GCCsGAQUFBzABhiNodHRwOi8v\nb2NzcC5yb290Y2ExLmFtYXpvbnRydXN0LmNvbTA6BggrBgEFBQcwAoYuaHR0cDov\nL2NydC5yb290Y2ExLmFtYXpvbnRydXN0LmNvbS9yb290Y2ExLmNlcjA/BgNVHR8E\nODA2MDSgMqAwhi5odHRwOi8vY3JsLnJvb3RjYTEuYW1hem9udHJ1c3QuY29tL3Jv\nb3RjYTEuY3JsMBMGA1UdIAQMMAowCAYGZ4EMAQIBMA0GCSqGSIb3DQEBCwUAA4IB\nAQCtAN4CBSMuBjJitGuxlBbkEUDeK/pZwTXv4KqPK0G50fOHOQAd8j21p0cMBgbG\nkfMHVwLU7b0XwZCav0h1ogdPMN1KakK1DT0VwA/+hFvGPJnMV1Kx2G4S1ZaSk0uU\n5QfoiYIIano01J5k4T2HapKQmmOhS/iPtuo00wW+IMLeBuKMn3OLn005hcrOGTad\nhcmeyfhQP7Z+iKHvyoQGi1C0ClymHETx/chhQGDyYSWqB/THwnN15AwLQo0E5V9E\nSJlbe4mBlqeInUsNYugExNf+tOiybcrswBy8OFsd34XOW3rjSUtsuafd9AWySa3h\nxRRrwszrzX/WWGm6wyB+f7C4\n-----END CERTIFICATE-----\n",
                "is_ca": true,
                "issuer": "CN=Amazon Root CA 1,O=Amazon,C=US",
                "max_path_length": 0,
                "not_after": "2030-08-23T22:21:28Z",
                "not_before": "2022-08-23T22:21:28Z",
                "public_key_algorithm": "RSA",
                "serial_number": "166129328851546858514271303855646110030630415",
                "sha1_fingerprint": "2ad974a775f73cbdbbd8f5ac3a49255fa8fb1f8c",
                "signature_algorithm": "SHA256-RSA",
                "subject": "CN=Amazon RSA 2048 M01,O=Amazon,C=US",
                "version": 3
              },
              {
                "cert_pem": "-----BEGIN CERTIFICATE-----\nMIIF3TCCBMWgAwIBAgIQC4PYfnn7viYTJoWfANxTuTANBgkqhkiG9w0BAQsFADA8\nMQswCQYDVQQGEwJVUzEPMA0GA1UEChMGQW1hem9uMRwwGgYDVQQDExNBbWF6b24g\nUlNBIDIwNDggTTAxMB4XDTI2MDEyNzAwMDAwMFoXDTI3MDIyNTIzNTk1OVowKTEn\nMCUGA1UEAwweKi5la3MuYXAtc291dGgtMS5hbWF6b25hd3MuY29tMIIBIjANBgkq\nhkiG9w0BAQEFAAOCAQ8AMIIBCgKCAQEAhv5NQzOW57AibZtdURJXq/91G3oMa70K\no7Xrhq4XAD0nG6OiN/NImJ3lFP7uxWWSSnN5hAc9xcuDc/77ne9IjfxgNToosF8C\nUvHNnQ13y7pEqvYg0dosz6tM134cZkwyImGP8OeLaKV4FsHYVxIXEnQdI0bC3Qiv\nyjv5mcJuAaKpm+n3/m/qBUiyL4s82W4+LGHI1hCUum3iIGA2ip6Hp7BwVGMoKecs\njqAYiXKjdfBmN6FJIQ+RIxbEgPT+o1Kidfik/1PFH2im76CefXY0HXBoWDQmWZn5\nZ6WrQ3Fu+qI0R/HgHtEb1fa7KqcsWs07rOfnrJZaB5FQVeydUV1ElwIDAQABo4IC\n7DCCAugwHwYDVR0jBBgwFoAUgbgOY4qJEhjl+js7UJWf5uWQE4UwHQYDVR0OBBYE\nFFbaD6c98vgjLUjXSFaf8SPmFLeAMCkGA1UdEQQiMCCCHiouZWtzLmFwLXNvdXRo\nLTEuYW1hem9uYXdzLmNvbTATBgNVHSAEDDAKMAgGBmeBDAECATAOBgNVHQ8BAf8E\nBAMCBaAwEwYDVR0lBAwwCgYIKwYBBQUHAwEwOwYDVR0fBDQwMjAwoC6gLIYqaHR0\ncDovL2NybC5yMm0wMS5hbWF6b250cnVzdC5jb20vcjJtMDEuY3JsMHUGCCsGAQUF\nBwEBBGkwZzAtBggrBgEFBQcwAYYhaHR0cDovL29jc3AucjJtMDEuYW1hem9udHJ1\nc3QuY29tMDYGCCsGAQUFBzAChipodHRwOi8vY3J0LnIybTAxLmFtYXpvbnRydXN0\nLmNvbS9yMm0wMS5jZXIwDAYDVR0TAQH/BAIwADCCAX0GCisGAQQB1nkCBAIEggFt\nBIIBaQFnAHYATGPcmOWcHauI9h6KPd6uj6tEozd7X5uUw/uhnPzBviYAAAGb/M85\ngwAABAMARzBFAiEA1YKhCfg9RgldH6IFIowiYiRs1Addi8oMUCIQ2pBXG/QCIDQs\nuHxMlYyoJ8LFzGLKuDLeaCFypNISBk2B4qJMapD1AHUAHJ9oLOn68EVpUPgbloqH\n3dsyENhM5siy44JSSsTPWZ8AAAGb/M85mQAABAMARjBEAiB0syZumJQByPaA1tqz\nfyZqtCV1iIwQefAGuEHFV6wxcwIgRcOL6BTii+Y/9u/ZGQBOlfDxftwa/4Widc2t\nWDuVsUoAdgBgTJqven93XwHUBvySDciZ6wscffjJUhv6+hd3O5eLyQAAAZv8zzpe\nAAAEAwBHMEUCIHgL0hy9AdNqPvNbTd8wfUUWVAcVRLgTZNCPKX+9nBuaAiEAulm6\ngP+wgjr9cyefY98pksM9Yy19ZoCHaQXTZkQmkv4wDQYJKoZIhvcNAQELBQADggEB\nAKXbVJ9K5wYRv93nW9febVCXN4txei0vG1tsp+1RRtBlKb0n1QoxfY/QHY1aS+KS\n4iZWVqd/45PJBO6ETnGA26dBOzQEmIQaHXlzHmf7ChoQ/IAzGnv1b7zSz1WJ+dHI\nQCRcxud0g7zOsJLZ1E4w3tAIHCWnjBHheAPCPhoKm7ou2Uyg+lAb4R+mjMoAt+tI\nfIs1dL5XZzShQxP92SykI0R2CAuLpluRK+9xTm03tqu9zaVENWTwlLe6ZFXl/G5a\nCA8DoejDqXx5rhT/W3fQ/0wtLULz5253CN20wlNMY9M7rS0UABfxMnTj8tr21ikl\nXqThadIz4H6dg8PDUGq6xbg=\n-----END CERTIFICATE-----\n",
                "is_ca": false,
                "issuer": "CN=Amazon RSA 2048 M01,O=Amazon,C=US",
                "max_path_length": -1,
                "not_after": "2027-02-25T23:59:59Z",
                "not_before": "2026-01-27T00:00:00Z",
                "public_key_algorithm": "RSA",
                "serial_number": "15306089863077027100491464600926835641",
                "sha1_fingerprint": "9540116bb56e8ea19f0b4a08e845a17f827c131e",
                "signature_algorithm": "SHA256-RSA",
                "subject": "CN=*.eks.ap-south-1.amazonaws.com",
                "version": 3
              }
            ],
            "content": null,
            "id": "1e3a331631939a1ae4a625cd4244a4963dabbfa2",
            "url": "https://oidc.eks.ap-south-1.amazonaws.com/id/878F8F85F85ECB125AA228BFE831841A",
            "verify_chain": true
          },
          "sensitive_attributes": [],
          "identity_schema_version": 0
        }
      ]
    },
    {
      "module": "module.eks",
      "mode": "managed",
      "type": "aws_cloudwatch_log_group",
      "name": "this",
      "provider": "provider[\"registry.terraform.io/hashicorp/aws\"]",
      "instances": [
        {
          "index_key": 0,
          "schema_version": 0,
          "attributes": {
            "arn": "arn:aws:logs:ap-south-1:530639775842:log-group:/aws/eks/car-rental-eks/cluster",
            "id": "/aws/eks/car-rental-eks/cluster",
            "kms_key_id": "",
            "log_group_class": "STANDARD",
            "name": "/aws/eks/car-rental-eks/cluster",
            "name_prefix": "",
            "retention_in_days": 90,
            "skip_destroy": false,
            "tags": {
              "Environment": "dev",
              "Name": "/aws/eks/car-rental-eks/cluster",
              "Project": "car-rental"
            },
            "tags_all": {
              "Environment": "dev",
              "Name": "/aws/eks/car-rental-eks/cluster",
              "Project": "car-rental"
            }
          },
          "sensitive_attributes": [],
          "identity_schema_version": 0,
          "private": "bnVsbA==",
          "create_before_destroy": true
        }
      ]
    },
    {
      "module": "module.eks",
      "mode": "managed",
      "type": "aws_ec2_tag",
      "name": "cluster_primary_security_group",
      "provider": "provider[\"registry.terraform.io/hashicorp/aws\"]",
      "instances": [
        {
          "index_key": "Environment",
          "schema_version": 0,
          "attributes": {
            "id": "sg-00993854fa4198151,Environment",
            "key": "Environment",
            "resource_id": "sg-00993854fa4198151",
            "value": "dev"
          },
          "sensitive_attributes": [],
          "identity_schema_version": 0,
          "private": "bnVsbA==",
          "dependencies": [
            "module.eks.aws_cloudwatch_log_group.this",
            "module.eks.aws_eks_cluster.this",
            "module.eks.aws_iam_policy.cni_ipv6_policy",
            "module.eks.aws_iam_role.this",
            "module.eks.aws_iam_role_policy_attachment.this",
            "module.eks.aws_security_group.cluster",
            "module.eks.aws_security_group.node",
            "module.eks.aws_security_group_rule.cluster",
            "module.eks.aws_security_group_rule.node",
            "module.eks.data.aws_caller_identity.current",
            "module.eks.data.aws_iam_policy_document.assume_role_policy",
            "module.eks.data.aws_iam_policy_document.cni_ipv6_policy",
            "module.eks.data.aws_iam_session_context.current",
            "module.eks.data.aws_partition.current",
            "module.eks.module.kms.aws_kms_external_key.this",
            "module.eks.module.kms.aws_kms_key.this",
            "module.eks.module.kms.aws_kms_replica_external_key.this",
            "module.eks.module.kms.aws_kms_replica_key.this",
            "module.eks.module.kms.data.aws_caller_identity.current",
            "module.eks.module.kms.data.aws_iam_policy_document.this",
            "module.eks.module.kms.data.aws_partition.current",
            "module.vpc.aws_subnet.private",
            "module.vpc.aws_vpc.this",
            "module.vpc.aws_vpc_ipv4_cidr_block_association.this"
          ]
        },
        {
          "index_key": "Project",
          "schema_version": 0,
          "attributes": {
            "id": "sg-00993854fa4198151,Project",
            "key": "Project",
            "resource_id": "sg-00993854fa4198151",
            "value": "car-rental"
          },
          "sensitive_attributes": [],
          "identity_schema_version": 0,
          "private": "bnVsbA==",
          "dependencies": [
            "module.eks.aws_cloudwatch_log_group.this",
            "module.eks.aws_eks_cluster.this",
            "module.eks.aws_iam_policy.cni_ipv6_policy",
            "module.eks.aws_iam_role.this",
            "module.eks.aws_iam_role_policy_attachment.this",
            "module.eks.aws_security_group.cluster",
            "module.eks.aws_security_group.node",
            "module.eks.aws_security_group_rule.cluster",
            "module.eks.aws_security_group_rule.node",
            "module.eks.data.aws_caller_identity.current",
            "module.eks.data.aws_iam_policy_document.assume_role_policy",
            "module.eks.data.aws_iam_policy_document.cni_ipv6_policy",
            "module.eks.data.aws_iam_session_context.current",
            "module.eks.data.aws_partition.current",
            "module.eks.module.kms.aws_kms_external_key.this",
            "module.eks.module.kms.aws_kms_key.this",
            "module.eks.module.kms.aws_kms_replica_external_key.this",
            "module.eks.module.kms.aws_kms_replica_key.this",
            "module.eks.module.kms.data.aws_caller_identity.current",
            "module.eks.module.kms.data.aws_iam_policy_document.this",
            "module.eks.module.kms.data.aws_partition.current",
            "module.vpc.aws_subnet.private",
            "module.vpc.aws_vpc.this",
            "module.vpc.aws_vpc_ipv4_cidr_block_association.this"
          ]
        }
      ]
    },
    {
      "module": "module.eks",
      "mode": "managed",
      "type": "aws_eks_cluster",
      "name": "this",
      "provider": "provider[\"registry.terraform.io/hashicorp/aws\"]",
      "instances": [
        {
          "index_key": 0,
          "schema_version": 1,
          "attributes": {
            "access_config": [
              {
                "authentication_mode": "CONFIG_MAP",
                "bootstrap_cluster_creator_admin_permissions": true
              }
            ],
            "arn": "arn:aws:eks:ap-south-1:530639775842:cluster/car-rental-eks",
            "bootstrap_self_managed_addons": true,
            "certificate_authority": [
              {
                "data": "LS0tLS1CRUdJTiBDRVJUSUZJQ0FURS0tLS0tCk1JSURCVENDQWUyZ0F3SUJBZ0lJRVRYYkl1TnRiYU13RFFZSktvWklodmNOQVFFTEJRQXdGVEVUTUJFR0ExVUUKQXhNS2EzVmlaWEp1WlhSbGN6QWVGdzB5TmpBek1qUXhPRE0xTkRKYUZ3MHpOakF6TWpFeE9EUXdOREphTUJVeApFekFSQmdOVkJBTVRDbXQxWW1WeWJtVjBaWE13Z2dFaU1BMEdDU3FHU0liM0RRRUJBUVVBQTRJQkR3QXdnZ0VLCkFvSUJBUUNzSWJnT0RnQXdiQ3dYZHRZdGpubHNnVUkraGMreWJ4cW45d3ArSHNiVlVpMUhXcWFIaGNlWWtkQlcKeUdUSGJKS0pjVzBCUnQ2emdZMVdaSHZtTkpKd2FBYUZ3bG92K0RnYU5UTXI3UGh5cHJrbEJNKytoUlB6Y3BUTQpVWitOb05saFpMa3REeGF1akpyWUx1My9pN1lVU00zQ3c0VHZyMWEyRVhUdlA3YUY0T3RLR29uMmk4L2RIU3BqClVhRnE1OXowTVVSaU5EcFdZOHVEaTRvQW1yRElKUWxidWJ6L1FnWFR1ZUtML2s2TnkyQjQ0UThZSmlqQ3pJeUEKUnBrRnNnQi9wOGduOG5CMWtpRU5tQ0wyMGdJT3J2Rk04OW42YlZmREVFOTcxVUZvWHp2eG5tMzNRbTBPcVBEWApXbHBtcm12TnVXaXFubExNdTErNGdmZjdKcERQQWdNQkFBR2pXVEJYTUE0R0ExVWREd0VCL3dRRUF3SUNwREFQCkJnTlZIUk1CQWY4RUJUQURBUUgvTUIwR0ExVWREZ1FXQkJRam9ZTWkzV1NuM3BiMXJuUVRUTHUwTDl3K056QVYKQmdOVkhSRUVEakFNZ2dwcmRXSmxjbTVsZEdWek1BMEdDU3FHU0liM0RRRUJDd1VBQTRJQkFRQkNjNGlUMk5DNwpkYkJ3OVpYc3IvTHJlcjNnUklDM3Z2NWxJNzR1b3BleWF6Q2pBc3g2ODVqb2pFbyt1aXFCUUZuWDZxZmNxNzlJCjN5T1NBTXFyZEtJSVUrdldOUGxrcGxaTHNsOSs1eEdNalNHdi81SVZQL04vSGlSVnBYVnNOOEhsbkZUWGhENi8KY2djdFN4cm9tVkNxaDhpakpDZUFPN0pNemdnSjNsVjBFWEpwUWdPZjBLUFpQSFdLdy93eENWcE9DMStLUXlmWApSdFNyR3l6VlQzSmF1clQya0JRMEt0anJ5aW16T25IU21zTVMrMVNTcHdKKzlQeEI1K0ppT21pNnFsYndwNEFhClU3Ky9rNnR0dHJGYmJTKzhhck1MUitvSjNFRU9zR0N2OUpqTllqUzVCV3h3c3hCVVh4SmhSWUdCRFNxSEZvYTUKcVZ2ZVlEdFVldFJpCi0tLS0tRU5EIENFUlRJRklDQVRFLS0tLS0K"
              }
            ],
            "cluster_id": null,
            "compute_config": [],
            "created_at": "2026-03-24T18:36:21Z",
            "enabled_cluster_log_types": [
              "api",
              "audit",
              "authenticator"
            ],
            "encryption_config": [
              {
                "provider": [
                  {
                    "key_arn": "arn:aws:kms:ap-south-1:530639775842:key/2fe4eeaa-1f2f-4941-85ef-92975928c75f"
                  }
                ],
                "resources": [
                  "secrets"
                ]
              }
            ],
            "endpoint": "https://878F8F85F85ECB125AA228BFE831841A.yl4.ap-south-1.eks.amazonaws.com",
            "force_update_version": null,
            "id": "car-rental-eks",
            "identity": [
              {
                "oidc": [
                  {
                    "issuer": "https://oidc.eks.ap-south-1.amazonaws.com/id/878F8F85F85ECB125AA228BFE831841A"
                  }
                ]
              }
            ],
            "kubernetes_network_config": [
              {
                "elastic_load_balancing": [
                  {
                    "enabled": false
                  }
                ],
                "ip_family": "ipv4",
                "service_ipv4_cidr": "172.20.0.0/16",
                "service_ipv6_cidr": ""
              }
            ],
            "name": "car-rental-eks",
            "outpost_config": [],
            "platform_version": "eks.66",
            "remote_network_config": [],
            "role_arn": "arn:aws:iam::530639775842:role/car-rental-eks-cluster-20260324183554668800000001",
            "status": "ACTIVE",
            "storage_config": [],
            "tags": {
              "Environment": "dev",
              "Project": "car-rental"
            },
            "tags_all": {
              "Environment": "dev",
              "Project": "car-rental"
            },
            "timeouts": {
              "create": null,
              "delete": null,
              "update": null
            },
            "upgrade_policy": [
              {
                "support_type": "EXTENDED"
              }
            ],
            "version": "1.29",
            "vpc_config": [
              {
                "cluster_security_group_id": "sg-00993854fa4198151",
                "endpoint_private_access": true,
                "endpoint_public_access": true,
                "public_access_cidrs": [
                  "0.0.0.0/0"
                ],
                "security_group_ids": [
                  "sg-0e920a4eb0ea18693"
                ],
                "subnet_ids": [
                  "subnet-031c4db5734d94fdc",
                  "subnet-0f1b9b28b663ef848"
                ],
                "vpc_id": "vpc-0dea0702bf789f853"
              }
            ],
            "zonal_shift_config": []
          },
          "sensitive_attributes": [],
          "identity_schema_version": 0,
          "private": "eyJlMmJmYjczMC1lY2FhLTExZTYtOGY4OC0zNDM2M2JjN2M0YzAiOnsiY3JlYXRlIjoxODAwMDAwMDAwMDAwLCJkZWxldGUiOjkwMDAwMDAwMDAwMCwidXBkYXRlIjozNjAwMDAwMDAwMDAwfSwic2NoZW1hX3ZlcnNpb24iOiIxIn0=",
          "dependencies": [
            "module.eks.aws_cloudwatch_log_group.this",
            "module.eks.aws_iam_policy.cni_ipv6_policy",
            "module.eks.aws_iam_role.this",
            "module.eks.aws_iam_role_policy_attachment.this",
            "module.eks.aws_security_group.cluster",
            "module.eks.aws_security_group.node",
            "module.eks.aws_security_group_rule.cluster",
            "module.eks.aws_security_group_rule.node",
            "module.eks.data.aws_caller_identity.current",
            "module.eks.data.aws_iam_policy_document.assume_role_policy",
            "module.eks.data.aws_iam_policy_document.cni_ipv6_policy",
            "module.eks.data.aws_iam_session_context.current",
            "module.eks.data.aws_partition.current",
            "module.eks.module.kms.aws_kms_external_key.this",
            "module.eks.module.kms.aws_kms_key.this",
            "module.eks.module.kms.aws_kms_replica_external_key.this",
            "module.eks.module.kms.aws_kms_replica_key.this",
            "module.eks.module.kms.data.aws_caller_identity.current",
            "module.eks.module.kms.data.aws_iam_policy_document.this",
            "module.eks.module.kms.data.aws_partition.current",
            "module.vpc.aws_subnet.private",
            "module.vpc.aws_vpc.this",
            "module.vpc.aws_vpc_ipv4_cidr_block_association.this"
          ],
          "create_before_destroy": true
        }
      ]
    },
    {
      "module": "module.eks",
      "mode": "managed",
      "type": "aws_iam_openid_connect_provider",
      "name": "oidc_provider",
      "provider": "provider[\"registry.terraform.io/hashicorp/aws\"]",
      "instances": [
        {
          "index_key": 0,
          "schema_version": 0,
          "attributes": {
            "arn": "arn:aws:iam::530639775842:oidc-provider/oidc.eks.ap-south-1.amazonaws.com/id/878F8F85F85ECB125AA228BFE831841A",
            "client_id_list": [
              "sts.amazonaws.com"
            ],
            "id": "arn:aws:iam::530639775842:oidc-provider/oidc.eks.ap-south-1.amazonaws.com/id/878F8F85F85ECB125AA228BFE831841A",
            "tags": {
              "Environment": "dev",
              "Name": "car-rental-eks-eks-irsa",
              "Project": "car-rental"
            },
            "tags_all": {
              "Environment": "dev",
              "Name": "car-rental-eks-eks-irsa",
              "Project": "car-rental"
            },
            "thumbprint_list": [
              "06b25927c42a721631c1efd9431e648fa62e1e39"
            ],
            "url": "oidc.eks.ap-south-1.amazonaws.com/id/878F8F85F85ECB125AA228BFE831841A"
          },
          "sensitive_attributes": [],
          "identity_schema_version": 0,
          "private": "bnVsbA==",
          "dependencies": [
            "module.eks.aws_cloudwatch_log_group.this",
            "module.eks.aws_eks_cluster.this",
            "module.eks.aws_iam_policy.cni_ipv6_policy",
            "module.eks.aws_iam_role.this",
            "module.eks.aws_iam_role_policy_attachment.this",
            "module.eks.aws_security_group.cluster",
            "module.eks.aws_security_group.node",
            "module.eks.aws_security_group_rule.cluster",
            "module.eks.aws_security_group_rule.node",
            "module.eks.data.aws_caller_identity.current",
            "module.eks.data.aws_iam_policy_document.assume_role_policy",
            "module.eks.data.aws_iam_policy_document.cni_ipv6_policy",
            "module.eks.data.aws_iam_session_context.current",
            "module.eks.data.aws_partition.current",
            "module.eks.data.tls_certificate.this",
            "module.eks.module.kms.aws_kms_external_key.this",
            "module.eks.module.kms.aws_kms_key.this",
            "module.eks.module.kms.aws_kms_replica_external_key.this",
            "module.eks.module.kms.aws_kms_replica_key.this",
            "module.eks.module.kms.data.aws_caller_identity.current",
            "module.eks.module.kms.data.aws_iam_policy_document.this",
            "module.eks.module.kms.data.aws_partition.current",
            "module.vpc.aws_subnet.private",
            "module.vpc.aws_vpc.this",
            "module.vpc.aws_vpc_ipv4_cidr_block_association.this"
          ]
        }
      ]
    },
    {
      "module": "module.eks",
      "mode": "managed",
      "type": "aws_iam_policy",
      "name": "cluster_encryption",
      "provider": "provider[\"registry.terraform.io/hashicorp/aws\"]",
      "instances": [
        {
          "index_key": 0,
          "schema_version": 0,
          "attributes": {
            "arn": "arn:aws:iam::530639775842:policy/car-rental-eks-cluster-ClusterEncryption2026032418362507160000000e",
            "attachment_count": 1,
            "description": "Cluster encryption policy to allow cluster role to utilize CMK provided",
            "id": "arn:aws:iam::530639775842:policy/car-rental-eks-cluster-ClusterEncryption2026032418362507160000000e",
            "name": "car-rental-eks-cluster-ClusterEncryption2026032418362507160000000e",
            "name_prefix": "car-rental-eks-cluster-ClusterEncryption",
            "path": "/",
            "policy": "{\"Statement\":[{\"Action\":[\"kms:Encrypt\",\"kms:Decrypt\",\"kms:ListGrants\",\"kms:DescribeKey\"],\"Effect\":\"Allow\",\"Resource\":\"arn:aws:kms:ap-south-1:530639775842:key/2fe4eeaa-1f2f-4941-85ef-92975928c75f\"}],\"Version\":\"2012-10-17\"}",
            "policy_id": "ANPAXXDEYNBRJR4P23MH3",
            "tags": {
              "Environment": "dev",
              "Project": "car-rental"
            },
            "tags_all": {
              "Environment": "dev",
              "Project": "car-rental"
            }
          },
          "sensitive_attributes": [],
          "identity_schema_version": 0,
          "private": "bnVsbA==",
          "dependencies": [
            "module.eks.aws_iam_role.this",
            "module.eks.data.aws_caller_identity.current",
            "module.eks.data.aws_iam_policy_document.assume_role_policy",
            "module.eks.data.aws_iam_session_context.current",
            "module.eks.data.aws_partition.current",
            "module.eks.module.kms.aws_kms_external_key.this",
            "module.eks.module.kms.aws_kms_key.this",
            "module.eks.module.kms.aws_kms_replica_external_key.this",
            "module.eks.module.kms.aws_kms_replica_key.this",
            "module.eks.module.kms.data.aws_caller_identity.current",
            "module.eks.module.kms.data.aws_iam_policy_document.this",
            "module.eks.module.kms.data.aws_partition.current"
          ]
        }
      ]
    },
    {
      "module": "module.eks",
      "mode": "managed",
      "type": "aws_iam_role",
      "name": "this",
      "provider": "provider[\"registry.terraform.io/hashicorp/aws\"]",
      "instances": [
        {
          "index_key": 0,
          "schema_version": 0,
          "attributes": {
            "arn": "arn:aws:iam::530639775842:role/car-rental-eks-cluster-20260324183554668800000001",
            "assume_role_policy": "{\"Statement\":[{\"Action\":\"sts:AssumeRole\",\"Effect\":\"Allow\",\"Principal\":{\"Service\":\"eks.amazonaws.com\"},\"Sid\":\"EKSClusterAssumeRole\"}],\"Version\":\"2012-10-17\"}",
            "create_date": "2026-03-24T18:35:49Z",
            "description": "",
            "force_detach_policies": true,
            "id": "car-rental-eks-cluster-20260324183554668800000001",
            "inline_policy": [
              {
                "name": "car-rental-eks-cluster",
                "policy": "{\"Version\":\"2012-10-17\",\"Statement\":[{\"Action\":[\"logs:CreateLogGroup\"],\"Effect\":\"Deny\",\"Resource\":\"*\"}]}"
              }
            ],
            "managed_policy_arns": [
              "arn:aws:iam::530639775842:policy/car-rental-eks-cluster-ClusterEncryption2026032418362507160000000e",
              "arn:aws:iam::aws:policy/AmazonEKSClusterPolicy",
              "arn:aws:iam::aws:policy/AmazonEKSVPCResourceController"
            ],
            "max_session_duration": 3600,
            "name": "car-rental-eks-cluster-20260324183554668800000001",
            "name_prefix": "car-rental-eks-cluster-",
            "path": "/",
            "permissions_boundary": "",
            "tags": {
              "Environment": "dev",
              "Project": "car-rental"
            },
            "tags_all": {
              "Environment": "dev",
              "Project": "car-rental"
            },
            "unique_id": "AROAXXDEYNBRIQKQNJ4DV"
          },
          "sensitive_attributes": [],
          "identity_schema_version": 0,
          "private": "bnVsbA==",
          "dependencies": [
            "module.eks.data.aws_iam_policy_document.assume_role_policy",
            "module.eks.data.aws_partition.current"
          ],
          "create_before_destroy": true
        }
      ]
    },
    {
      "module": "module.eks",
      "mode": "managed",
      "type": "aws_iam_role_policy_attachment",
      "name": "cluster_encryption",
      "provider": "provider[\"registry.terraform.io/hashicorp/aws\"]",
      "instances": [
        {
          "index_key": 0,
          "schema_version": 0,
          "attributes": {
            "id": "car-rental-eks-cluster-20260324183554668800000001-2026032418362615450000000f",
            "policy_arn": "arn:aws:iam::530639775842:policy/car-rental-eks-cluster-ClusterEncryption2026032418362507160000000e",
            "role": "car-rental-eks-cluster-20260324183554668800000001"
          },
          "sensitive_attributes": [],
          "identity_schema_version": 0,
          "private": "bnVsbA==",
          "dependencies": [
            "module.eks.aws_iam_policy.cluster_encryption",
            "module.eks.aws_iam_role.this",
            "module.eks.data.aws_caller_identity.current",
            "module.eks.data.aws_iam_policy_document.assume_role_policy",
            "module.eks.data.aws_iam_session_context.current",
            "module.eks.data.aws_partition.current",
            "module.eks.module.kms.aws_kms_external_key.this",
            "module.eks.module.kms.aws_kms_key.this",
            "module.eks.module.kms.aws_kms_replica_external_key.this",
            "module.eks.module.kms.aws_kms_replica_key.this",
            "module.eks.module.kms.data.aws_caller_identity.current",
            "module.eks.module.kms.data.aws_iam_policy_document.this",
            "module.eks.module.kms.data.aws_partition.current"
          ]
        }
      ]
    },
    {
      "module": "module.eks",
      "mode": "managed",
      "type": "aws_iam_role_policy_attachment",
      "name": "this",
      "provider": "provider[\"registry.terraform.io/hashicorp/aws\"]",
      "instances": [
        {
          "index_key": "AmazonEKSClusterPolicy",
          "schema_version": 0,
          "attributes": {
            "id": "car-rental-eks-cluster-20260324183554668800000001-20260324183557270700000007",
            "policy_arn": "arn:aws:iam::aws:policy/AmazonEKSClusterPolicy",
            "role": "car-rental-eks-cluster-20260324183554668800000001"
          },
          "sensitive_attributes": [],
          "identity_schema_version": 0,
          "private": "bnVsbA==",
          "dependencies": [
            "module.eks.aws_iam_role.this",
            "module.eks.data.aws_iam_policy_document.assume_role_policy",
            "module.eks.data.aws_partition.current"
          ],
          "create_before_destroy": true
        },
        {
          "index_key": "AmazonEKSVPCResourceController",
          "schema_version": 0,
          "attributes": {
            "id": "car-rental-eks-cluster-20260324183554668800000001-20260324183557333300000008",
            "policy_arn": "arn:aws:iam::aws:policy/AmazonEKSVPCResourceController",
            "role": "car-rental-eks-cluster-20260324183554668800000001"
          },
          "sensitive_attributes": [],
          "identity_schema_version": 0,
          "private": "bnVsbA==",
          "dependencies": [
            "module.eks.aws_iam_role.this",
            "module.eks.data.aws_iam_policy_document.assume_role_policy",
            "module.eks.data.aws_partition.current"
          ],
          "create_before_destroy": true
        }
      ]
    },
    {
      "module": "module.eks",
      "mode": "managed",
      "type": "aws_security_group",
      "name": "cluster",
      "provider": "provider[\"registry.terraform.io/hashicorp/aws\"]",
      "instances": [
        {
          "index_key": 0,
          "schema_version": 1,
          "attributes": {
            "arn": "arn:aws:ec2:ap-south-1:530639775842:security-group/sg-0e920a4eb0ea18693",
            "description": "EKS cluster security group",
            "egress": [],
            "id": "sg-0e920a4eb0ea18693",
            "ingress": [
              {
                "cidr_blocks": [],
                "description": "Node groups to cluster API",
                "from_port": 443,
                "ipv6_cidr_blocks": [],
                "prefix_list_ids": [],
                "protocol": "tcp",
                "security_groups": [
                  "sg-0ec3c1a4227b132b7"
                ],
                "self": false,
                "to_port": 443
              }
            ],
            "name": "car-rental-eks-cluster-2026032418360596420000000a",
            "name_prefix": "car-rental-eks-cluster-",
            "owner_id": "530639775842",
            "revoke_rules_on_delete": false,
            "tags": {
              "Environment": "dev",
              "Name": "car-rental-eks-cluster",
              "Project": "car-rental"
            },
            "tags_all": {
              "Environment": "dev",
              "Name": "car-rental-eks-cluster",
              "Project": "car-rental"
            },
            "timeouts": null,
            "vpc_id": "vpc-0dea0702bf789f853"
          },
          "sensitive_attributes": [],
          "identity_schema_version": 0,
          "private": "eyJlMmJmYjczMC1lY2FhLTExZTYtOGY4OC0zNDM2M2JjN2M0YzAiOnsiY3JlYXRlIjo2MDAwMDAwMDAwMDAsImRlbGV0ZSI6OTAwMDAwMDAwMDAwfSwic2NoZW1hX3ZlcnNpb24iOiIxIn0=",
          "dependencies": [
            "module.vpc.aws_vpc.this"
          ],
          "create_before_destroy": true
        }
      ]
    },
    {
      "module": "module.eks",
      "mode": "managed",
      "type": "aws_security_group",
      "name": "node",
      "provider": "provider[\"registry.terraform.io/hashicorp/aws\"]",
      "instances": [
        {
          "index_key": 0,
          "schema_version": 1,
          "attributes": {
            "arn": "arn:aws:ec2:ap-south-1:530639775842:security-group/sg-0ec3c1a4227b132b7",
            "description": "EKS node shared security group",
            "egress": [
              {
                "cidr_blocks": [
                  "0.0.0.0/0"
                ],
                "description": "Allow all egress",
                "from_port": 0,
                "ipv6_cidr_blocks": [],
                "prefix_list_ids": [],
                "protocol": "-1",
                "security_groups": [],
                "self": false,
                "to_port": 0
              }
            ],
            "id": "sg-0ec3c1a4227b132b7",
            "ingress": [
              {
                "cidr_blocks": [],
                "description": "Cluster API to node 4443/tcp webhook",
                "from_port": 4443,
                "ipv6_cidr_blocks": [],
                "prefix_list_ids": [],
                "protocol": "tcp",
                "security_groups": [
                  "sg-0e920a4eb0ea18693"
                ],
                "self": false,
                "to_port": 4443
              },
              {
                "cidr_blocks": [],
                "description": "Cluster API to node 6443/tcp webhook",
                "from_port": 6443,
                "ipv6_cidr_blocks": [],
                "prefix_list_ids": [],
                "protocol": "tcp",
                "security_groups": [
                  "sg-0e920a4eb0ea18693"
                ],
                "self": false,
                "to_port": 6443
              },
              {
                "cidr_blocks": [],
                "description": "Cluster API to node 8443/tcp webhook",
                "from_port": 8443,
                "ipv6_cidr_blocks": [],
                "prefix_list_ids": [],
                "protocol": "tcp",
                "security_groups": [
                  "sg-0e920a4eb0ea18693"
                ],
                "self": false,
                "to_port": 8443
              },
              {
                "cidr_blocks": [],
                "description": "Cluster API to node 9443/tcp webhook",
                "from_port": 9443,
                "ipv6_cidr_blocks": [],
                "prefix_list_ids": [],
                "protocol": "tcp",
                "security_groups": [
                  "sg-0e920a4eb0ea18693"
                ],
                "self": false,
                "to_port": 9443
              },
              {
                "cidr_blocks": [],
                "description": "Cluster API to node groups",
                "from_port": 443,
                "ipv6_cidr_blocks": [],
                "prefix_list_ids": [],
                "protocol": "tcp",
                "security_groups": [
                  "sg-0e920a4eb0ea18693"
                ],
                "self": false,
                "to_port": 443
              },
              {
                "cidr_blocks": [],
                "description": "Cluster API to node kubelets",
                "from_port": 10250,
                "ipv6_cidr_blocks": [],
                "prefix_list_ids": [],
                "protocol": "tcp",
                "security_groups": [
                  "sg-0e920a4eb0ea18693"
                ],
                "self": false,
                "to_port": 10250
              },
              {
                "cidr_blocks": [],
                "description": "Node to node CoreDNS UDP",
                "from_port": 53,
                "ipv6_cidr_blocks": [],
                "prefix_list_ids": [],
                "protocol": "udp",
                "security_groups": [],
                "self": true,
                "to_port": 53
              },
              {
                "cidr_blocks": [],
                "description": "Node to node CoreDNS",
                "from_port": 53,
                "ipv6_cidr_blocks": [],
                "prefix_list_ids": [],
                "protocol": "tcp",
                "security_groups": [],
                "self": true,
                "to_port": 53
              },
              {
                "cidr_blocks": [],
                "description": "Node to node ingress on ephemeral ports",
                "from_port": 1025,
                "ipv6_cidr_blocks": [],
                "prefix_list_ids": [],
                "protocol": "tcp",
                "security_groups": [],
                "self": true,
                "to_port": 65535
              },
              {
                "cidr_blocks": [],
                "description": "elbv2.k8s.aws/targetGroupBinding=shared",
                "from_port": 80,
                "ipv6_cidr_blocks": [],
                "prefix_list_ids": [],
                "protocol": "tcp",
                "security_groups": [
                  "sg-071a07bd794706057"
                ],
                "self": false,
                "to_port": 80
              }
            ],
            "name": "car-rental-eks-node-2026032418360644770000000c",
            "name_prefix": "car-rental-eks-node-",
            "owner_id": "530639775842",
            "revoke_rules_on_delete": false,
            "tags": {
              "Environment": "dev",
              "Name": "car-rental-eks-node",
              "Project": "car-rental",
              "kubernetes.io/cluster/car-rental-eks": "owned"
            },
            "tags_all": {
              "Environment": "dev",
              "Name": "car-rental-eks-node",
              "Project": "car-rental",
              "kubernetes.io/cluster/car-rental-eks": "owned"
            },
            "timeouts": null,
            "vpc_id": "vpc-0dea0702bf789f853"
          },
          "sensitive_attributes": [],
          "identity_schema_version": 0,
          "private": "eyJlMmJmYjczMC1lY2FhLTExZTYtOGY4OC0zNDM2M2JjN2M0YzAiOnsiY3JlYXRlIjo2MDAwMDAwMDAwMDAsImRlbGV0ZSI6OTAwMDAwMDAwMDAwfSwic2NoZW1hX3ZlcnNpb24iOiIxIn0=",
          "dependencies": [
            "module.vpc.aws_vpc.this"
          ],
          "create_before_destroy": true
        }
      ]
    },
    {
      "module": "module.eks",
      "mode": "managed",
      "type": "aws_security_group_rule",
      "name": "cluster",
      "provider": "provider[\"registry.terraform.io/hashicorp/aws\"]",
      "instances": [
        {
          "index_key": "ingress_nodes_443",
          "schema_version": 2,
          "attributes": {
            "cidr_blocks": null,
            "description": "Node groups to cluster API",
            "from_port": 443,
            "id": "sgrule-926290563",
            "ipv6_cidr_blocks": null,
            "prefix_list_ids": null,
            "protocol": "tcp",
            "security_group_id": "sg-0e920a4eb0ea18693",
            "security_group_rule_id": "sgr-09588aed39e2fdb17",
            "self": false,
            "source_security_group_id": "sg-0ec3c1a4227b132b7",
            "timeouts": null,
            "to_port": 443,
            "type": "ingress"
          },
          "sensitive_attributes": [],
          "identity_schema_version": 0,
          "private": "eyJlMmJmYjczMC1lY2FhLTExZTYtOGY4OC0zNDM2M2JjN2M0YzAiOnsiY3JlYXRlIjozMDAwMDAwMDAwMDB9LCJzY2hlbWFfdmVyc2lvbiI6IjIifQ==",
          "dependencies": [
            "module.eks.aws_security_group.cluster",
            "module.eks.aws_security_group.node",
            "module.vpc.aws_vpc.this"
          ],
          "create_before_destroy": true
        }
      ]
    },
    {
      "module": "module.eks",
      "mode": "managed",
      "type": "aws_security_group_rule",
      "name": "node",
      "provider": "provider[\"registry.terraform.io/hashicorp/aws\"]",
      "instances": [
        {
          "index_key": "egress_all",
          "schema_version": 2,
          "attributes": {
            "cidr_blocks": [
              "0.0.0.0/0"
            ],
            "description": "Allow all egress",
            "from_port": 0,
            "id": "sgrule-664129771",
            "ipv6_cidr_blocks": null,
            "prefix_list_ids": [],
            "protocol": "-1",
            "security_group_id": "sg-0ec3c1a4227b132b7",
            "security_group_rule_id": "sgr-04f1b08c63ed70c58",
            "self": false,
            "source_security_group_id": null,
            "timeouts": null,
            "to_port": 0,
            "type": "egress"
          },
          "sensitive_attributes": [],
          "identity_schema_version": 0,
          "private": "eyJlMmJmYjczMC1lY2FhLTExZTYtOGY4OC0zNDM2M2JjN2M0YzAiOnsiY3JlYXRlIjozMDAwMDAwMDAwMDB9LCJzY2hlbWFfdmVyc2lvbiI6IjIifQ==",
          "dependencies": [
            "module.eks.aws_security_group.cluster",
            "module.eks.aws_security_group.node",
            "module.vpc.aws_vpc.this"
          ],
          "create_before_destroy": true
        },
        {
          "index_key": "ingress_cluster_443",
          "schema_version": 2,
          "attributes": {
            "cidr_blocks": null,
            "description": "Cluster API to node groups",
            "from_port": 443,
            "id": "sgrule-1720639101",
            "ipv6_cidr_blocks": null,
            "prefix_list_ids": [],
            "protocol": "tcp",
            "security_group_id": "sg-0ec3c1a4227b132b7",
            "security_group_rule_id": "sgr-02f7c0a2532bc8255",
            "self": false,
            "source_security_group_id": "sg-0e920a4eb0ea18693",
            "timeouts": null,
            "to_port": 443,
            "type": "ingress"
          },
          "sensitive_attributes": [],
          "identity_schema_version": 0,
          "private": "eyJlMmJmYjczMC1lY2FhLTExZTYtOGY4OC0zNDM2M2JjN2M0YzAiOnsiY3JlYXRlIjozMDAwMDAwMDAwMDB9LCJzY2hlbWFfdmVyc2lvbiI6IjIifQ==",
          "dependencies": [
            "module.eks.aws_security_group.cluster",
            "module.eks.aws_security_group.node",
            "module.vpc.aws_vpc.this"
          ],
          "create_before_destroy": true
        },
        {
          "index_key": "ingress_cluster_4443_webhook",
          "schema_version": 2,
          "attributes": {
            "cidr_blocks": null,
            "description": "Cluster API to node 4443/tcp webhook",
            "from_port": 4443,
            "id": "sgrule-1042630008",
            "ipv6_cidr_blocks": null,
            "prefix_list_ids": [],
            "protocol": "tcp",
            "security_group_id": "sg-0ec3c1a4227b132b7",
            "security_group_rule_id": "sgr-0d196fb04c875b56d",
            "self": false,
            "source_security_group_id": "sg-0e920a4eb0ea18693",
            "timeouts": null,
            "to_port": 4443,
            "type": "ingress"
          },
          "sensitive_attributes": [],
          "identity_schema_version": 0,
          "private": "eyJlMmJmYjczMC1lY2FhLTExZTYtOGY4OC0zNDM2M2JjN2M0YzAiOnsiY3JlYXRlIjozMDAwMDAwMDAwMDB9LCJzY2hlbWFfdmVyc2lvbiI6IjIifQ==",
          "dependencies": [
            "module.eks.aws_security_group.cluster",
            "module.eks.aws_security_group.node",
            "module.vpc.aws_vpc.this"
          ],
          "create_before_destroy": true
        },
        {
          "index_key": "ingress_cluster_6443_webhook",
          "schema_version": 2,
          "attributes": {
            "cidr_blocks": null,
            "description": "Cluster API to node 6443/tcp webhook",
            "from_port": 6443,
            "id": "sgrule-144235806",
            "ipv6_cidr_blocks": null,
            "prefix_list_ids": [],
            "protocol": "tcp",
            "security_group_id": "sg-0ec3c1a4227b132b7",
            "security_group_rule_id": "sgr-0ac4a389bbf479b75",
            "self": false,
            "source_security_group_id": "sg-0e920a4eb0ea18693",
            "timeouts": null,
            "to_port": 6443,
            "type": "ingress"
          },
          "sensitive_attributes": [],
          "identity_schema_version": 0,
          "private": "eyJlMmJmYjczMC1lY2FhLTExZTYtOGY4OC0zNDM2M2JjN2M0YzAiOnsiY3JlYXRlIjozMDAwMDAwMDAwMDB9LCJzY2hlbWFfdmVyc2lvbiI6IjIifQ==",
          "dependencies": [
            "module.eks.aws_security_group.cluster",
            "module.eks.aws_security_group.node",
            "module.vpc.aws_vpc.this"
          ],
          "create_before_destroy": true
        },
        {
          "index_key": "ingress_cluster_8443_webhook",
          "schema_version": 2,
          "attributes": {
            "cidr_blocks": null,
            "description": "Cluster API to node 8443/tcp webhook",
            "from_port": 8443,
            "id": "sgrule-465887551",
            "ipv6_cidr_blocks": null,
            "prefix_list_ids": [],
            "protocol": "tcp",
            "security_group_id": "sg-0ec3c1a4227b132b7",
            "security_group_rule_id": "sgr-075c3f9754d0171ea",
            "self": false,
            "source_security_group_id": "sg-0e920a4eb0ea18693",
            "timeouts": null,
            "to_port": 8443,
            "type": "ingress"
          },
          "sensitive_attributes": [],
          "identity_schema_version": 0,
          "private": "eyJlMmJmYjczMC1lY2FhLTExZTYtOGY4OC0zNDM2M2JjN2M0YzAiOnsiY3JlYXRlIjozMDAwMDAwMDAwMDB9LCJzY2hlbWFfdmVyc2lvbiI6IjIifQ==",
          "dependencies": [
            "module.eks.aws_security_group.cluster",
            "module.eks.aws_security_group.node",
            "module.vpc.aws_vpc.this"
          ],
          "create_before_destroy": true
        },
        {
          "index_key": "ingress_cluster_9443_webhook",
          "schema_version": 2,
          "attributes": {
            "cidr_blocks": null,
            "description": "Cluster API to node 9443/tcp webhook",
            "from_port": 9443,
            "id": "sgrule-2137379572",
            "ipv6_cidr_blocks": null,
            "prefix_list_ids": [],
            "protocol": "tcp",
            "security_group_id": "sg-0ec3c1a4227b132b7",
            "security_group_rule_id": "sgr-086c59ba664d0fc8b",
            "self": false,
            "source_security_group_id": "sg-0e920a4eb0ea18693",
            "timeouts": null,
            "to_port": 9443,
            "type": "ingress"
          },
          "sensitive_attributes": [],
          "identity_schema_version": 0,
          "private": "eyJlMmJmYjczMC1lY2FhLTExZTYtOGY4OC0zNDM2M2JjN2M0YzAiOnsiY3JlYXRlIjozMDAwMDAwMDAwMDB9LCJzY2hlbWFfdmVyc2lvbiI6IjIifQ==",
          "dependencies": [
            "module.eks.aws_security_group.cluster",
            "module.eks.aws_security_group.node",
            "module.vpc.aws_vpc.this"
          ],
          "create_before_destroy": true
        },
        {
          "index_key": "ingress_cluster_kubelet",
          "schema_version": 2,
          "attributes": {
            "cidr_blocks": null,
            "description": "Cluster API to node kubelets",
            "from_port": 10250,
            "id": "sgrule-23746902",
            "ipv6_cidr_blocks": null,
            "prefix_list_ids": [],
            "protocol": "tcp",
            "security_group_id": "sg-0ec3c1a4227b132b7",
            "security_group_rule_id": "sgr-00f1502ecda63d1a7",
            "self": false,
            "source_security_group_id": "sg-0e920a4eb0ea18693",
            "timeouts": null,
            "to_port": 10250,
            "type": "ingress"
          },
          "sensitive_attributes": [],
          "identity_schema_version": 0,
          "private": "eyJlMmJmYjczMC1lY2FhLTExZTYtOGY4OC0zNDM2M2JjN2M0YzAiOnsiY3JlYXRlIjozMDAwMDAwMDAwMDB9LCJzY2hlbWFfdmVyc2lvbiI6IjIifQ==",
          "dependencies": [
            "module.eks.aws_security_group.cluster",
            "module.eks.aws_security_group.node",
            "module.vpc.aws_vpc.this"
          ],
          "create_before_destroy": true
        },
        {
          "index_key": "ingress_nodes_ephemeral",
          "schema_version": 2,
          "attributes": {
            "cidr_blocks": null,
            "description": "Node to node ingress on ephemeral ports",
            "from_port": 1025,
            "id": "sgrule-1198503333",
            "ipv6_cidr_blocks": null,
            "prefix_list_ids": [],
            "protocol": "tcp",
            "security_group_id": "sg-0ec3c1a4227b132b7",
            "security_group_rule_id": "sgr-03db79256ec21aabd",
            "self": true,
            "source_security_group_id": null,
            "timeouts": null,
            "to_port": 65535,
            "type": "ingress"
          },
          "sensitive_attributes": [],
          "identity_schema_version": 0,
          "private": "eyJlMmJmYjczMC1lY2FhLTExZTYtOGY4OC0zNDM2M2JjN2M0YzAiOnsiY3JlYXRlIjozMDAwMDAwMDAwMDB9LCJzY2hlbWFfdmVyc2lvbiI6IjIifQ==",
          "dependencies": [
            "module.eks.aws_security_group.cluster",
            "module.eks.aws_security_group.node",
            "module.vpc.aws_vpc.this"
          ],
          "create_before_destroy": true
        },
        {
          "index_key": "ingress_self_coredns_tcp",
          "schema_version": 2,
          "attributes": {
            "cidr_blocks": null,
            "description": "Node to node CoreDNS",
            "from_port": 53,
            "id": "sgrule-744444757",
            "ipv6_cidr_blocks": null,
            "prefix_list_ids": [],
            "protocol": "tcp",
            "security_group_id": "sg-0ec3c1a4227b132b7",
            "security_group_rule_id": "sgr-0b7f183fdaa044a12",
            "self": true,
            "source_security_group_id": null,
            "timeouts": null,
            "to_port": 53,
            "type": "ingress"
          },
          "sensitive_attributes": [],
          "identity_schema_version": 0,
          "private": "eyJlMmJmYjczMC1lY2FhLTExZTYtOGY4OC0zNDM2M2JjN2M0YzAiOnsiY3JlYXRlIjozMDAwMDAwMDAwMDB9LCJzY2hlbWFfdmVyc2lvbiI6IjIifQ==",
          "dependencies": [
            "module.eks.aws_security_group.cluster",
            "module.eks.aws_security_group.node",
            "module.vpc.aws_vpc.this"
          ],
          "create_before_destroy": true
        },
        {
          "index_key": "ingress_self_coredns_udp",
          "schema_version": 2,
          "attributes": {
            "cidr_blocks": null,
            "description": "Node to node CoreDNS UDP",
            "from_port": 53,
            "id": "sgrule-2013204294",
            "ipv6_cidr_blocks": null,
            "prefix_list_ids": [],
            "protocol": "udp",
            "security_group_id": "sg-0ec3c1a4227b132b7",
            "security_group_rule_id": "sgr-0acacb0f7c0de927b",
            "self": true,
            "source_security_group_id": null,
            "timeouts": null,
            "to_port": 53,
            "type": "ingress"
          },
          "sensitive_attributes": [],
          "identity_schema_version": 0,
          "private": "eyJlMmJmYjczMC1lY2FhLTExZTYtOGY4OC0zNDM2M2JjN2M0YzAiOnsiY3JlYXRlIjozMDAwMDAwMDAwMDB9LCJzY2hlbWFfdmVyc2lvbiI6IjIifQ==",
          "dependencies": [
            "module.eks.aws_security_group.cluster",
            "module.eks.aws_security_group.node",
            "module.vpc.aws_vpc.this"
          ],
          "create_before_destroy": true
        }
      ]
    },
    {
      "module": "module.eks",
      "mode": "managed",
      "type": "time_sleep",
      "name": "this",
      "provider": "provider[\"registry.terraform.io/hashicorp/time\"]",
      "instances": [
        {
          "index_key": 0,
          "schema_version": 0,
          "attributes": {
            "create_duration": "30s",
            "destroy_duration": null,
            "id": "2026-03-24T18:45:17Z",
            "triggers": {
              "cluster_certificate_authority_data": "LS0tLS1CRUdJTiBDRVJUSUZJQ0FURS0tLS0tCk1JSURCVENDQWUyZ0F3SUJBZ0lJRVRYYkl1TnRiYU13RFFZSktvWklodmNOQVFFTEJRQXdGVEVUTUJFR0ExVUUKQXhNS2EzVmlaWEp1WlhSbGN6QWVGdzB5TmpBek1qUXhPRE0xTkRKYUZ3MHpOakF6TWpFeE9EUXdOREphTUJVeApFekFSQmdOVkJBTVRDbXQxWW1WeWJtVjBaWE13Z2dFaU1BMEdDU3FHU0liM0RRRUJBUVVBQTRJQkR3QXdnZ0VLCkFvSUJBUUNzSWJnT0RnQXdiQ3dYZHRZdGpubHNnVUkraGMreWJ4cW45d3ArSHNiVlVpMUhXcWFIaGNlWWtkQlcKeUdUSGJKS0pjVzBCUnQ2emdZMVdaSHZtTkpKd2FBYUZ3bG92K0RnYU5UTXI3UGh5cHJrbEJNKytoUlB6Y3BUTQpVWitOb05saFpMa3REeGF1akpyWUx1My9pN1lVU00zQ3c0VHZyMWEyRVhUdlA3YUY0T3RLR29uMmk4L2RIU3BqClVhRnE1OXowTVVSaU5EcFdZOHVEaTRvQW1yRElKUWxidWJ6L1FnWFR1ZUtML2s2TnkyQjQ0UThZSmlqQ3pJeUEKUnBrRnNnQi9wOGduOG5CMWtpRU5tQ0wyMGdJT3J2Rk04OW42YlZmREVFOTcxVUZvWHp2eG5tMzNRbTBPcVBEWApXbHBtcm12TnVXaXFubExNdTErNGdmZjdKcERQQWdNQkFBR2pXVEJYTUE0R0ExVWREd0VCL3dRRUF3SUNwREFQCkJnTlZIUk1CQWY4RUJUQURBUUgvTUIwR0ExVWREZ1FXQkJRam9ZTWkzV1NuM3BiMXJuUVRUTHUwTDl3K056QVYKQmdOVkhSRUVEakFNZ2dwcmRXSmxjbTVsZEdWek1BMEdDU3FHU0liM0RRRUJDd1VBQTRJQkFRQkNjNGlUMk5DNwpkYkJ3OVpYc3IvTHJlcjNnUklDM3Z2NWxJNzR1b3BleWF6Q2pBc3g2ODVqb2pFbyt1aXFCUUZuWDZxZmNxNzlJCjN5T1NBTXFyZEtJSVUrdldOUGxrcGxaTHNsOSs1eEdNalNHdi81SVZQL04vSGlSVnBYVnNOOEhsbkZUWGhENi8KY2djdFN4cm9tVkNxaDhpakpDZUFPN0pNemdnSjNsVjBFWEpwUWdPZjBLUFpQSFdLdy93eENWcE9DMStLUXlmWApSdFNyR3l6VlQzSmF1clQya0JRMEt0anJ5aW16T25IU21zTVMrMVNTcHdKKzlQeEI1K0ppT21pNnFsYndwNEFhClU3Ky9rNnR0dHJGYmJTKzhhck1MUitvSjNFRU9zR0N2OUpqTllqUzVCV3h3c3hCVVh4SmhSWUdCRFNxSEZvYTUKcVZ2ZVlEdFVldFJpCi0tLS0tRU5EIENFUlRJRklDQVRFLS0tLS0K",
              "cluster_endpoint": "https://878F8F85F85ECB125AA228BFE831841A.yl4.ap-south-1.eks.amazonaws.com",
              "cluster_name": "car-rental-eks",
              "cluster_version": "1.29"
            }
          },
          "sensitive_attributes": [],
          "identity_schema_version": 0,
          "dependencies": [
            "module.eks.aws_cloudwatch_log_group.this",
            "module.eks.aws_eks_cluster.this",
            "module.eks.aws_iam_policy.cni_ipv6_policy",
            "module.eks.aws_iam_role.this",
            "module.eks.aws_iam_role_policy_attachment.this",
            "module.eks.aws_security_group.cluster",
            "module.eks.aws_security_group.node",
            "module.eks.aws_security_group_rule.cluster",
            "module.eks.aws_security_group_rule.node",
            "module.eks.data.aws_caller_identity.current",
            "module.eks.data.aws_iam_policy_document.assume_role_policy",
            "module.eks.data.aws_iam_policy_document.cni_ipv6_policy",
            "module.eks.data.aws_iam_session_context.current",
            "module.eks.data.aws_partition.current",
            "module.eks.module.kms.aws_kms_external_key.this",
            "module.eks.module.kms.aws_kms_key.this",
            "module.eks.module.kms.aws_kms_replica_external_key.this",
            "module.eks.module.kms.aws_kms_replica_key.this",
            "module.eks.module.kms.data.aws_caller_identity.current",
            "module.eks.module.kms.data.aws_iam_policy_document.this",
            "module.eks.module.kms.data.aws_partition.current",
            "module.vpc.aws_subnet.private",
            "module.vpc.aws_vpc.this",
            "module.vpc.aws_vpc_ipv4_cidr_block_association.this"
          ],
          "create_before_destroy": true
        }
      ]
    },
    {
      "module": "module.eks.module.eks_managed_node_group[\"default\"]",
      "mode": "data",
      "type": "aws_caller_identity",
      "name": "current",
      "provider": "provider[\"registry.terraform.io/hashicorp/aws\"]",
      "instances": [
        {
          "schema_version": 0,
          "attributes": {
            "account_id": "530639775842",
            "arn": "arn:aws:iam::530639775842:user/Axel",
            "id": "530639775842",
            "user_id": "AIDAXXDEYNBROIHCAIHOW"
          },
          "sensitive_attributes": [],
          "identity_schema_version": 0
        }
      ]
    },
    {
      "module": "module.eks.module.eks_managed_node_group[\"default\"]",
      "mode": "data",
      "type": "aws_iam_policy_document",
      "name": "assume_role_policy",
      "provider": "provider[\"registry.terraform.io/hashicorp/aws\"]",
      "instances": [
        {
          "index_key": 0,
          "schema_version": 0,
          "attributes": {
            "id": "1734879000",
            "json": "{\n  \"Version\": \"2012-10-17\",\n  \"Statement\": [\n    {\n      \"Sid\": \"EKSNodeAssumeRole\",\n      \"Effect\": \"Allow\",\n      \"Action\": \"sts:AssumeRole\",\n      \"Principal\": {\n        \"Service\": \"ec2.amazonaws.com\"\n      }\n    }\n  ]\n}",
            "minified_json": "{\"Version\":\"2012-10-17\",\"Statement\":[{\"Sid\":\"EKSNodeAssumeRole\",\"Effect\":\"Allow\",\"Action\":\"sts:AssumeRole\",\"Principal\":{\"Service\":\"ec2.amazonaws.com\"}}]}",
            "override_json": null,
            "override_policy_documents": null,
            "policy_id": null,
            "source_json": null,
            "source_policy_documents": null,
            "statement": [
              {
                "actions": [
                  "sts:AssumeRole"
                ],
                "condition": [],
                "effect": "Allow",
                "not_actions": [],
                "not_principals": [],
                "not_resources": [],
                "principals": [
                  {
                    "identifiers": [
                      "ec2.amazonaws.com"
                    ],
                    "type": "Service"
                  }
                ],
                "resources": [],
                "sid": "EKSNodeAssumeRole"
              }
            ],
            "version": "2012-10-17"
          },
          "sensitive_attributes": [],
          "identity_schema_version": 0
        }
      ]
    },
    {
      "module": "module.eks.module.eks_managed_node_group[\"default\"]",
      "mode": "data",
      "type": "aws_partition",
      "name": "current",
      "provider": "provider[\"registry.terraform.io/hashicorp/aws\"]",
      "instances": [
        {
          "schema_version": 0,
          "attributes": {
            "dns_suffix": "amazonaws.com",
            "id": "aws",
            "partition": "aws",
            "reverse_dns_prefix": "com.amazonaws"
          },
          "sensitive_attributes": [],
          "identity_schema_version": 0
        }
      ]
    },
    {
      "module": "module.eks.module.eks_managed_node_group[\"default\"]",
      "mode": "managed",
      "type": "aws_eks_node_group",
      "name": "this",
      "provider": "provider[\"registry.terraform.io/hashicorp/aws\"]",
      "instances": [
        {
          "index_key": 0,
          "schema_version": 0,
          "attributes": {
            "ami_type": "AL2_x86_64",
            "arn": "arn:aws:eks:ap-south-1:530639775842:nodegroup/car-rental-eks/default-20260324184523171100000012/d4ce9095-2e15-bf0b-9b62-00f97b5be652",
            "capacity_type": "ON_DEMAND",
            "cluster_name": "car-rental-eks",
            "disk_size": 0,
            "force_update_version": null,
            "id": "car-rental-eks:default-20260324184523171100000012",
            "instance_types": [
              "t3.medium"
            ],
            "labels": {},
            "launch_template": [
              {
                "id": "lt-006ab42430f06be15",
                "name": "default-20260324184517366900000010",
                "version": "1"
              }
            ],
            "node_group_name": "default-20260324184523171100000012",
            "node_group_name_prefix": "default-",
            "node_repair_config": [],
            "node_role_arn": "arn:aws:iam::530639775842:role/default-eks-node-group-20260324183554668800000002",
            "release_version": "1.29.15-20251209",
            "remote_access": [],
            "resources": [
              {
                "autoscaling_groups": [
                  {
                    "name": "eks-default-20260324184523171100000012-d4ce9095-2e15-bf0b-9b62-00f97b5be652"
                  }
                ],
                "remote_access_security_group_id": ""
              }
            ],
            "scaling_config": [
              {
                "desired_size": 2,
                "max_size": 3,
                "min_size": 1
              }
            ],
            "status": "ACTIVE",
            "subnet_ids": [
              "subnet-031c4db5734d94fdc",
              "subnet-0f1b9b28b663ef848"
            ],
            "tags": {
              "Environment": "dev",
              "Name": "default",
              "Project": "car-rental"
            },
            "tags_all": {
              "Environment": "dev",
              "Name": "default",
              "Project": "car-rental"
            },
            "taint": [],
            "timeouts": {
              "create": null,
              "delete": null,
              "update": null
            },
            "update_config": [
              {
                "max_unavailable": 0,
                "max_unavailable_percentage": 33
              }
            ],
            "version": "1.29"
          },
          "sensitive_attributes": [],
          "identity_schema_version": 0,
          "private": "eyJlMmJmYjczMC1lY2FhLTExZTYtOGY4OC0zNDM2M2JjN2M0YzAiOnsiY3JlYXRlIjozNjAwMDAwMDAwMDAwLCJkZWxldGUiOjM2MDAwMDAwMDAwMDAsInVwZGF0ZSI6MzYwMDAwMDAwMDAwMH19",
          "dependencies": [
            "module.eks.aws_cloudwatch_log_group.this",
            "module.eks.aws_eks_cluster.this",
            "module.eks.aws_iam_policy.cni_ipv6_policy",
            "module.eks.aws_iam_role.this",
            "module.eks.aws_iam_role_policy_attachment.this",
            "module.eks.aws_security_group.cluster",
            "module.eks.aws_security_group.node",
            "module.eks.aws_security_group_rule.cluster",
            "module.eks.aws_security_group_rule.node",
            "module.eks.data.aws_caller_identity.current",
            "module.eks.data.aws_iam_policy_document.assume_role_policy",
            "module.eks.data.aws_iam_policy_document.cni_ipv6_policy",
            "module.eks.data.aws_iam_session_context.current",
            "module.eks.data.aws_partition.current",
            "module.eks.module.eks_managed_node_group.aws_iam_role.this",
            "module.eks.module.eks_managed_node_group.aws_iam_role_policy_attachment.this",
            "module.eks.module.eks_managed_node_group.aws_launch_template.this",
            "module.eks.module.eks_managed_node_group.data.aws_caller_identity.current",
            "module.eks.module.eks_managed_node_group.data.aws_iam_policy_document.assume_role_policy",
            "module.eks.module.eks_managed_node_group.data.aws_partition.current",
            "module.eks.module.eks_managed_node_group.module.user_data.data.cloudinit_config.linux_eks_managed_node_group",
            "module.eks.module.kms.aws_kms_external_key.this",
            "module.eks.module.kms.aws_kms_key.this",
            "module.eks.module.kms.aws_kms_replica_external_key.this",
            "module.eks.module.kms.aws_kms_replica_key.this",
            "module.eks.module.kms.data.aws_caller_identity.current",
            "module.eks.module.kms.data.aws_iam_policy_document.this",
            "module.eks.module.kms.data.aws_partition.current",
            "module.eks.time_sleep.this",
            "module.vpc.aws_subnet.private",
            "module.vpc.aws_vpc.this",
            "module.vpc.aws_vpc_ipv4_cidr_block_association.this"
          ],
          "create_before_destroy": true
        }
      ]
    },
    {
      "module": "module.eks.module.eks_managed_node_group[\"default\"]",
      "mode": "managed",
      "type": "aws_iam_role",
      "name": "this",
      "provider": "provider[\"registry.terraform.io/hashicorp/aws\"]",
      "instances": [
        {
          "index_key": 0,
          "schema_version": 0,
          "attributes": {
            "arn": "arn:aws:iam::530639775842:role/default-eks-node-group-20260324183554668800000002",
            "assume_role_policy": "{\"Statement\":[{\"Action\":\"sts:AssumeRole\",\"Effect\":\"Allow\",\"Principal\":{\"Service\":\"ec2.amazonaws.com\"},\"Sid\":\"EKSNodeAssumeRole\"}],\"Version\":\"2012-10-17\"}",
            "create_date": "2026-03-24T18:35:49Z",
            "description": "EKS managed node group IAM role",
            "force_detach_policies": true,
            "id": "default-eks-node-group-20260324183554668800000002",
            "inline_policy": [],
            "managed_policy_arns": [
              "arn:aws:iam::530639775842:policy/AWSLoadBalancerControllerIAMPolicy",
              "arn:aws:iam::aws:policy/AmazonEC2ContainerRegistryReadOnly",
              "arn:aws:iam::aws:policy/AmazonEKSWorkerNodePolicy",
              "arn:aws:iam::aws:policy/AmazonEKS_CNI_Policy"
            ],
            "max_session_duration": 3600,
            "name": "default-eks-node-group-20260324183554668800000002",
            "name_prefix": "default-eks-node-group-",
            "path": "/",
            "permissions_boundary": "",
            "tags": {
              "Environment": "dev",
              "Project": "car-rental"
            },
            "tags_all": {
              "Environment": "dev",
              "Project": "car-rental"
            },
            "unique_id": "AROAXXDEYNBRPWHA62IMD"
          },
          "sensitive_attributes": [],
          "identity_schema_version": 0,
          "private": "bnVsbA==",
          "dependencies": [
            "module.eks.module.eks_managed_node_group.data.aws_iam_policy_document.assume_role_policy",
            "module.eks.module.eks_managed_node_group.data.aws_partition.current"
          ],
          "create_before_destroy": true
        }
      ]
    },
    {
      "module": "module.eks.module.eks_managed_node_group[\"default\"]",
      "mode": "managed",
      "type": "aws_iam_role_policy_attachment",
      "name": "this",
      "provider": "provider[\"registry.terraform.io/hashicorp/aws\"]",
      "instances": [
        {
          "index_key": "arn:aws:iam::aws:policy/AmazonEC2ContainerRegistryReadOnly",
          "schema_version": 0,
          "attributes": {
            "id": "default-eks-node-group-20260324183554668800000002-20260324183556919300000006",
            "policy_arn": "arn:aws:iam::aws:policy/AmazonEC2ContainerRegistryReadOnly",
            "role": "default-eks-node-group-20260324183554668800000002"
          },
          "sensitive_attributes": [],
          "identity_schema_version": 0,
          "private": "bnVsbA==",
          "dependencies": [
            "module.eks.module.eks_managed_node_group.aws_iam_role.this",
            "module.eks.module.eks_managed_node_group.data.aws_caller_identity.current",
            "module.eks.module.eks_managed_node_group.data.aws_iam_policy_document.assume_role_policy",
            "module.eks.module.eks_managed_node_group.data.aws_partition.current"
          ],
          "create_before_destroy": true
        },
        {
          "index_key": "arn:aws:iam::aws:policy/AmazonEKSWorkerNodePolicy",
          "schema_version": 0,
          "attributes": {
            "id": "default-eks-node-group-20260324183554668800000002-20260324183556768400000005",
            "policy_arn": "arn:aws:iam::aws:policy/AmazonEKSWorkerNodePolicy",
            "role": "default-eks-node-group-20260324183554668800000002"
          },
          "sensitive_attributes": [],
          "identity_schema_version": 0,
          "private": "bnVsbA==",
          "dependencies": [
            "module.eks.module.eks_managed_node_group.aws_iam_role.this",
            "module.eks.module.eks_managed_node_group.data.aws_caller_identity.current",
            "module.eks.module.eks_managed_node_group.data.aws_iam_policy_document.assume_role_policy",
            "module.eks.module.eks_managed_node_group.data.aws_partition.current"
          ],
          "create_before_destroy": true
        },
        {
          "index_key": "arn:aws:iam::aws:policy/AmazonEKS_CNI_Policy",
          "schema_version": 0,
          "attributes": {
            "id": "default-eks-node-group-20260324183554668800000002-20260324183556600000000004",
            "policy_arn": "arn:aws:iam::aws:policy/AmazonEKS_CNI_Policy",
            "role": "default-eks-node-group-20260324183554668800000002"
          },
          "sensitive_attributes": [],
          "identity_schema_version": 0,
          "private": "bnVsbA==",
          "dependencies": [
            "module.eks.module.eks_managed_node_group.aws_iam_role.this",
            "module.eks.module.eks_managed_node_group.data.aws_caller_identity.current",
            "module.eks.module.eks_managed_node_group.data.aws_iam_policy_document.assume_role_policy",
            "module.eks.module.eks_managed_node_group.data.aws_partition.current"
          ],
          "create_before_destroy": true
        }
      ]
    },
    {
      "module": "module.eks.module.eks_managed_node_group[\"default\"]",
      "mode": "managed",
      "type": "aws_launch_template",
      "name": "this",
      "provider": "provider[\"registry.terraform.io/hashicorp/aws\"]",
      "instances": [
        {
          "index_key": 0,
          "schema_version": 0,
          "attributes": {
            "arn": "arn:aws:ec2:ap-south-1:530639775842:launch-template/lt-006ab42430f06be15",
            "block_device_mappings": [],
            "capacity_reservation_specification": [],
            "cpu_options": [],
            "credit_specification": [],
            "default_version": 1,
            "description": "Custom launch template for default EKS managed node group",
            "disable_api_stop": false,
            "disable_api_termination": false,
            "ebs_optimized": "",
            "elastic_gpu_specifications": [],
            "elastic_inference_accelerator": [],
            "enclave_options": [],
            "hibernation_options": [],
            "iam_instance_profile": [],
            "id": "lt-006ab42430f06be15",
            "image_id": "",
            "instance_initiated_shutdown_behavior": "",
            "instance_market_options": [],
            "instance_requirements": [],
            "instance_type": "",
            "kernel_id": "",
            "key_name": "",
            "latest_version": 1,
            "license_specification": [],
            "maintenance_options": [],
            "metadata_options": [
              {
                "http_endpoint": "enabled",
                "http_protocol_ipv6": "",
                "http_put_response_hop_limit": 2,
                "http_tokens": "required",
                "instance_metadata_tags": ""
              }
            ],
            "monitoring": [
              {
                "enabled": true
              }
            ],
            "name": "default-20260324184517366900000010",
            "name_prefix": "default-",
            "network_interfaces": [],
            "placement": [],
            "private_dns_name_options": [],
            "ram_disk_id": "",
            "security_group_names": [],
            "tag_specifications": [
              {
                "resource_type": "instance",
                "tags": {
                  "Environment": "dev",
                  "Name": "default",
                  "Project": "car-rental"
                }
              },
              {
                "resource_type": "network-interface",
                "tags": {
                  "Environment": "dev",
                  "Name": "default",
                  "Project": "car-rental"
                }
              },
              {
                "resource_type": "volume",
                "tags": {
                  "Environment": "dev",
                  "Name": "default",
                  "Project": "car-rental"
                }
              }
            ],
            "tags": {
              "Environment": "dev",
              "Project": "car-rental"
            },
            "tags_all": {
              "Environment": "dev",
              "Project": "car-rental"
            },
            "update_default_version": true,
            "user_data": "",
            "vpc_security_group_ids": [
              "sg-0ec3c1a4227b132b7"
            ]
          },
          "sensitive_attributes": [],
          "identity_schema_version": 0,
          "private": "bnVsbA==",
          "dependencies": [
            "module.eks.aws_cloudwatch_log_group.this",
            "module.eks.aws_eks_cluster.this",
            "module.eks.aws_iam_policy.cni_ipv6_policy",
            "module.eks.aws_iam_role.this",
            "module.eks.aws_iam_role_policy_attachment.this",
            "module.eks.aws_security_group.cluster",
            "module.eks.aws_security_group.node",
            "module.eks.aws_security_group_rule.cluster",
            "module.eks.aws_security_group_rule.node",
            "module.eks.data.aws_caller_identity.current",
            "module.eks.data.aws_iam_policy_document.assume_role_policy",
            "module.eks.data.aws_iam_policy_document.cni_ipv6_policy",
            "module.eks.data.aws_iam_session_context.current",
            "module.eks.data.aws_partition.current",
            "module.eks.module.eks_managed_node_group.aws_iam_role.this",
            "module.eks.module.eks_managed_node_group.aws_iam_role_policy_attachment.this",
            "module.eks.module.eks_managed_node_group.data.aws_caller_identity.current",
            "module.eks.module.eks_managed_node_group.data.aws_iam_policy_document.assume_role_policy",
            "module.eks.module.eks_managed_node_group.data.aws_partition.current",
            "module.eks.module.eks_managed_node_group.module.user_data.data.cloudinit_config.linux_eks_managed_node_group",
            "module.eks.module.kms.aws_kms_external_key.this",
            "module.eks.module.kms.aws_kms_key.this",
            "module.eks.module.kms.aws_kms_replica_external_key.this",
            "module.eks.module.kms.aws_kms_replica_key.this",
            "module.eks.module.kms.data.aws_caller_identity.current",
            "module.eks.module.kms.data.aws_iam_policy_document.this",
            "module.eks.module.kms.data.aws_partition.current",
            "module.eks.time_sleep.this",
            "module.vpc.aws_subnet.private",
            "module.vpc.aws_vpc.this",
            "module.vpc.aws_vpc_ipv4_cidr_block_association.this"
          ],
          "create_before_destroy": true
        }
      ]
    },
    {
      "module": "module.eks.module.kms",
      "mode": "data",
      "type": "aws_caller_identity",
      "name": "current",
      "provider": "provider[\"registry.terraform.io/hashicorp/aws\"]",
      "instances": [
        {
          "index_key": 0,
          "schema_version": 0,
          "attributes": {
            "account_id": "530639775842",
            "arn": "arn:aws:iam::530639775842:user/Axel",
            "id": "530639775842",
            "user_id": "AIDAXXDEYNBROIHCAIHOW"
          },
          "sensitive_attributes": [],
          "identity_schema_version": 0
        }
      ]
    },
    {
      "module": "module.eks.module.kms",
      "mode": "data",
      "type": "aws_iam_policy_document",
      "name": "this",
      "provider": "provider[\"registry.terraform.io/hashicorp/aws\"]",
      "instances": [
        {
          "index_key": 0,
          "schema_version": 0,
          "attributes": {
            "id": "1380192945",
            "json": "{\n  \"Version\": \"2012-10-17\",\n  \"Statement\": [\n    {\n      \"Sid\": \"KeyAdministration\",\n      \"Effect\": \"Allow\",\n      \"Action\": [\n        \"kms:Update*\",\n        \"kms:UntagResource\",\n        \"kms:TagResource\",\n        \"kms:ScheduleKeyDeletion\",\n        \"kms:Revoke*\",\n        \"kms:ReplicateKey\",\n        \"kms:Put*\",\n        \"kms:List*\",\n        \"kms:ImportKeyMaterial\",\n        \"kms:Get*\",\n        \"kms:Enable*\",\n        \"kms:Disable*\",\n        \"kms:Describe*\",\n        \"kms:Delete*\",\n        \"kms:Create*\",\n        \"kms:CancelKeyDeletion\"\n      ],\n      \"Resource\": \"*\",\n      \"Principal\": {\n        \"AWS\": \"arn:aws:iam::530639775842:user/Axel\"\n      }\n    },\n    {\n      \"Sid\": \"KeyUsage\",\n      \"Effect\": \"Allow\",\n      \"Action\": [\n        \"kms:ReEncrypt*\",\n        \"kms:GenerateDataKey*\",\n        \"kms:Encrypt\",\n        \"kms:DescribeKey\",\n        \"kms:Decrypt\"\n      ],\n      \"Resource\": \"*\",\n      \"Principal\": {\n        \"AWS\": \"arn:aws:iam::530639775842:role/car-rental-eks-cluster-20260324183554668800000001\"\n      }\n    }\n  ]\n}",
            "minified_json": "{\"Version\":\"2012-10-17\",\"Statement\":[{\"Sid\":\"KeyAdministration\",\"Effect\":\"Allow\",\"Action\":[\"kms:Update*\",\"kms:UntagResource\",\"kms:TagResource\",\"kms:ScheduleKeyDeletion\",\"kms:Revoke*\",\"kms:ReplicateKey\",\"kms:Put*\",\"kms:List*\",\"kms:ImportKeyMaterial\",\"kms:Get*\",\"kms:Enable*\",\"kms:Disable*\",\"kms:Describe*\",\"kms:Delete*\",\"kms:Create*\",\"kms:CancelKeyDeletion\"],\"Resource\":\"*\",\"Principal\":{\"AWS\":\"arn:aws:iam::530639775842:user/Axel\"}},{\"Sid\":\"KeyUsage\",\"Effect\":\"Allow\",\"Action\":[\"kms:ReEncrypt*\",\"kms:GenerateDataKey*\",\"kms:Encrypt\",\"kms:DescribeKey\",\"kms:Decrypt\"],\"Resource\":\"*\",\"Principal\":{\"AWS\":\"arn:aws:iam::530639775842:role/car-rental-eks-cluster-20260324183554668800000001\"}}]}",
            "override_json": null,
            "override_policy_documents": null,
            "policy_id": null,
            "source_json": null,
            "source_policy_documents": null,
            "statement": [
              {
                "actions": [
                  "kms:CancelKeyDeletion",
                  "kms:Create*",
                  "kms:Delete*",
                  "kms:Describe*",
                  "kms:Disable*",
                  "kms:Enable*",
                  "kms:Get*",
                  "kms:ImportKeyMaterial",
                  "kms:List*",
                  "kms:Put*",
                  "kms:ReplicateKey",
                  "kms:Revoke*",
                  "kms:ScheduleKeyDeletion",
                  "kms:TagResource",
                  "kms:UntagResource",
                  "kms:Update*"
                ],
                "condition": [],
                "effect": "Allow",
                "not_actions": [],
                "not_principals": [],
                "not_resources": [],
                "principals": [
                  {
                    "identifiers": [
                      "arn:aws:iam::530639775842:user/Axel"
                    ],
                    "type": "AWS"
                  }
                ],
                "resources": [
                  "*"
                ],
                "sid": "KeyAdministration"
              },
              {
                "actions": [
                  "kms:Decrypt",
                  "kms:DescribeKey",
                  "kms:Encrypt",
                  "kms:GenerateDataKey*",
                  "kms:ReEncrypt*"
                ],
                "condition": [],
                "effect": "Allow",
                "not_actions": [],
                "not_principals": [],
                "not_resources": [],
                "principals": [
                  {
                    "identifiers": [
                      "arn:aws:iam::530639775842:role/car-rental-eks-cluster-20260324183554668800000001"
                    ],
                    "type": "AWS"
                  }
                ],
                "resources": [
                  "*"
                ],
                "sid": "KeyUsage"
              }
            ],
            "version": "2012-10-17"
          },
          "sensitive_attributes": [],
          "identity_schema_version": 0
        }
      ]
    },
    {
      "module": "module.eks.module.kms",
      "mode": "data",
      "type": "aws_partition",
      "name": "current",
      "provider": "provider[\"registry.terraform.io/hashicorp/aws\"]",
      "instances": [
        {
          "index_key": 0,
          "schema_version": 0,
          "attributes": {
            "dns_suffix": "amazonaws.com",
            "id": "aws",
            "partition": "aws",
            "reverse_dns_prefix": "com.amazonaws"
          },
          "sensitive_attributes": [],
          "identity_schema_version": 0
        }
      ]
    },
    {
      "module": "module.eks.module.kms",
      "mode": "managed",
      "type": "aws_kms_alias",
      "name": "this",
      "provider": "provider[\"registry.terraform.io/hashicorp/aws\"]",
      "instances": [
        {
          "index_key": "cluster",
          "schema_version": 0,
          "attributes": {
            "arn": "arn:aws:kms:ap-south-1:530639775842:alias/eks/car-rental-eks",
            "id": "alias/eks/car-rental-eks",
            "name": "alias/eks/car-rental-eks",
            "name_prefix": "",
            "target_key_arn": "arn:aws:kms:ap-south-1:530639775842:key/2fe4eeaa-1f2f-4941-85ef-92975928c75f",
            "target_key_id": "2fe4eeaa-1f2f-4941-85ef-92975928c75f"
          },
          "sensitive_attributes": [],
          "identity_schema_version": 0,
          "private": "bnVsbA==",
          "dependencies": [
            "module.eks.aws_iam_role.this",
            "module.eks.data.aws_caller_identity.current",
            "module.eks.data.aws_iam_policy_document.assume_role_policy",
            "module.eks.data.aws_iam_session_context.current",
            "module.eks.data.aws_partition.current",
            "module.eks.module.kms.aws_kms_external_key.this",
            "module.eks.module.kms.aws_kms_key.this",
            "module.eks.module.kms.aws_kms_replica_external_key.this",
            "module.eks.module.kms.aws_kms_replica_key.this",
            "module.eks.module.kms.data.aws_caller_identity.current",
            "module.eks.module.kms.data.aws_iam_policy_document.this",
            "module.eks.module.kms.data.aws_partition.current"
          ]
        }
      ]
    },
    {
      "module": "module.eks.module.kms",
      "mode": "managed",
      "type": "aws_kms_key",
      "name": "this",
      "provider": "provider[\"registry.terraform.io/hashicorp/aws\"]",
      "instances": [
        {
          "index_key": 0,
          "schema_version": 0,
          "attributes": {
            "arn": "arn:aws:kms:ap-south-1:530639775842:key/2fe4eeaa-1f2f-4941-85ef-92975928c75f",
            "bypass_policy_lockout_safety_check": false,
            "custom_key_store_id": "",
            "customer_master_key_spec": "SYMMETRIC_DEFAULT",
            "deletion_window_in_days": null,
            "description": "car-rental-eks cluster encryption key",
            "enable_key_rotation": true,
            "id": "2fe4eeaa-1f2f-4941-85ef-92975928c75f",
            "is_enabled": true,
            "key_id": "2fe4eeaa-1f2f-4941-85ef-92975928c75f",
            "key_usage": "ENCRYPT_DECRYPT",
            "multi_region": false,
            "policy": "{\"Statement\":[{\"Action\":[\"kms:Update*\",\"kms:UntagResource\",\"kms:TagResource\",\"kms:ScheduleKeyDeletion\",\"kms:Revoke*\",\"kms:ReplicateKey\",\"kms:Put*\",\"kms:List*\",\"kms:ImportKeyMaterial\",\"kms:Get*\",\"kms:Enable*\",\"kms:Disable*\",\"kms:Describe*\",\"kms:Delete*\",\"kms:Create*\",\"kms:CancelKeyDeletion\"],\"Effect\":\"Allow\",\"Principal\":{\"AWS\":\"arn:aws:iam::530639775842:user/Axel\"},\"Resource\":\"*\",\"Sid\":\"KeyAdministration\"},{\"Action\":[\"kms:ReEncrypt*\",\"kms:GenerateDataKey*\",\"kms:Encrypt\",\"kms:DescribeKey\",\"kms:Decrypt\"],\"Effect\":\"Allow\",\"Principal\":{\"AWS\":\"arn:aws:iam::530639775842:role/car-rental-eks-cluster-20260324183554668800000001\"},\"Resource\":\"*\",\"Sid\":\"KeyUsage\"}],\"Version\":\"2012-10-17\"}",
            "rotation_period_in_days": 365,
            "tags": {
              "Environment": "dev",
              "Project": "car-rental"
            },
            "tags_all": {
              "Environment": "dev",
              "Project": "car-rental"
            },
            "timeouts": null,
            "xks_key_id": ""
          },
          "sensitive_attributes": [],
          "identity_schema_version": 0,
          "private": "eyJlMmJmYjczMC1lY2FhLTExZTYtOGY4OC0zNDM2M2JjN2M0YzAiOnsiY3JlYXRlIjoxMjAwMDAwMDAwMDB9fQ==",
          "dependencies": [
            "module.eks.aws_iam_role.this",
            "module.eks.data.aws_caller_identity.current",
            "module.eks.data.aws_iam_policy_document.assume_role_policy",
            "module.eks.data.aws_iam_session_context.current",
            "module.eks.data.aws_partition.current",
            "module.eks.module.kms.data.aws_caller_identity.current",
            "module.eks.module.kms.data.aws_iam_policy_document.this",
            "module.eks.module.kms.data.aws_partition.current"
          ],
          "create_before_destroy": true
        }
      ]
    },
    {
      "module": "module.vpc",
      "mode": "managed",
      "type": "aws_default_network_acl",
      "name": "this",
      "provider": "provider[\"registry.terraform.io/hashicorp/aws\"]",
      "instances": [
        {
          "index_key": 0,
          "schema_version": 0,
          "attributes": {
            "arn": "arn:aws:ec2:ap-south-1:530639775842:network-acl/acl-0b9514d57c61862b4",
            "default_network_acl_id": "acl-0b9514d57c61862b4",
            "egress": [
              {
                "action": "allow",
                "cidr_block": "",
                "from_port": 0,
                "icmp_code": 0,
                "icmp_type": 0,
                "ipv6_cidr_block": "::/0",
                "protocol": "-1",
                "rule_no": 101,
                "to_port": 0
              },
              {
                "action": "allow",
                "cidr_block": "0.0.0.0/0",
                "from_port": 0,
                "icmp_code": 0,
                "icmp_type": 0,
                "ipv6_cidr_block": "",
                "protocol": "-1",
                "rule_no": 100,
                "to_port": 0
              }
            ],
            "id": "acl-0b9514d57c61862b4",
            "ingress": [
              {
                "action": "allow",
                "cidr_block": "",
                "from_port": 0,
                "icmp_code": 0,
                "icmp_type": 0,
                "ipv6_cidr_block": "::/0",
                "protocol": "-1",
                "rule_no": 101,
                "to_port": 0
              },
              {
                "action": "allow",
                "cidr_block": "0.0.0.0/0",
                "from_port": 0,
                "icmp_code": 0,
                "icmp_type": 0,
                "ipv6_cidr_block": "",
                "protocol": "-1",
                "rule_no": 100,
                "to_port": 0
              }
            ],
            "owner_id": "530639775842",
            "subnet_ids": [
              "subnet-031c4db5734d94fdc",
              "subnet-054bcb34cdeeb0719",
              "subnet-0f1b9b28b663ef848",
              "subnet-0ff1d2cc7bbc587ab"
            ],
            "tags": {
              "Name": "car-rental-vpc-default",
              "kubernetes.io/cluster/car-rental-eks": "shared"
            },
            "tags_all": {
              "Name": "car-rental-vpc-default",
              "kubernetes.io/cluster/car-rental-eks": "shared"
            },
            "vpc_id": "vpc-0dea0702bf789f853"
          },
          "sensitive_attributes": [],
          "identity_schema_version": 0,
          "private": "bnVsbA==",
          "dependencies": [
            "module.vpc.aws_vpc.this"
          ]
        }
      ]
    },
    {
      "module": "module.vpc",
      "mode": "managed",
      "type": "aws_default_route_table",
      "name": "default",
      "provider": "provider[\"registry.terraform.io/hashicorp/aws\"]",
      "instances": [
        {
          "index_key": 0,
          "schema_version": 0,
          "attributes": {
            "arn": "arn:aws:ec2:ap-south-1:530639775842:route-table/rtb-0030d59bdef8cada0",
            "default_route_table_id": "rtb-0030d59bdef8cada0",
            "id": "rtb-0030d59bdef8cada0",
            "owner_id": "530639775842",
            "propagating_vgws": [],
            "route": [],
            "tags": {
              "Name": "car-rental-vpc-default",
              "kubernetes.io/cluster/car-rental-eks": "shared"
            },
            "tags_all": {
              "Name": "car-rental-vpc-default",
              "kubernetes.io/cluster/car-rental-eks": "shared"
            },
            "timeouts": {
              "create": "5m",
              "update": "5m"
            },
            "vpc_id": "vpc-0dea0702bf789f853"
          },
          "sensitive_attributes": [],
          "identity_schema_version": 0,
          "private": "eyJlMmJmYjczMC1lY2FhLTExZTYtOGY4OC0zNDM2M2JjN2M0YzAiOnsiY3JlYXRlIjozMDAwMDAwMDAwMDAsInVwZGF0ZSI6MzAwMDAwMDAwMDAwfX0=",
          "dependencies": [
            "module.vpc.aws_vpc.this"
          ]
        }
      ]
    },
    {
      "module": "module.vpc",
      "mode": "managed",
      "type": "aws_default_security_group",
      "name": "this",
      "provider": "provider[\"registry.terraform.io/hashicorp/aws\"]",
      "instances": [
        {
          "index_key": 0,
          "schema_version": 1,
          "attributes": {
            "arn": "arn:aws:ec2:ap-south-1:530639775842:security-group/sg-0d49a59c59a659ce0",
            "description": "default VPC security group",
            "egress": [],
            "id": "sg-0d49a59c59a659ce0",
            "ingress": [],
            "name": "default",
            "name_prefix": "",
            "owner_id": "530639775842",
            "revoke_rules_on_delete": false,
            "tags": {
              "Name": "car-rental-vpc-default",
              "kubernetes.io/cluster/car-rental-eks": "shared"
            },
            "tags_all": {
              "Name": "car-rental-vpc-default",
              "kubernetes.io/cluster/car-rental-eks": "shared"
            },
            "vpc_id": "vpc-0dea0702bf789f853"
          },
          "sensitive_attributes": [],
          "identity_schema_version": 0,
          "private": "eyJzY2hlbWFfdmVyc2lvbiI6IjEifQ==",
          "dependencies": [
            "module.vpc.aws_vpc.this"
          ]
        }
      ]
    },
    {
      "module": "module.vpc",
      "mode": "managed",
      "type": "aws_eip",
      "name": "nat",
      "provider": "provider[\"registry.terraform.io/hashicorp/aws\"]",
      "instances": [
        {
          "index_key": 0,
          "schema_version": 0,
          "attributes": {
            "address": null,
            "allocation_id": "eipalloc-03cab35398b0d93ae",
            "arn": "arn:aws:ec2:ap-south-1:530639775842:elastic-ip/eipalloc-03cab35398b0d93ae",
            "associate_with_private_ip": null,
            "association_id": "eipassoc-05e0fe7becd812c26",
            "carrier_ip": "",
            "customer_owned_ip": "",
            "customer_owned_ipv4_pool": "",
            "domain": "vpc",
            "id": "eipalloc-03cab35398b0d93ae",
            "instance": "",
            "ipam_pool_id": null,
            "network_border_group": "ap-south-1",
            "network_interface": "eni-05d9b32eb67a7e5aa",
            "private_dns": "ip-10-0-1-203.ap-south-1.compute.internal",
            "private_ip": "10.0.1.203",
            "ptr_record": "",
            "public_dns": "ec2-13-126-64-234.ap-south-1.compute.amazonaws.com",
            "public_ip": "13.126.64.234",
            "public_ipv4_pool": "amazon",
            "tags": {
              "Name": "car-rental-vpc-ap-south-1a",
              "kubernetes.io/cluster/car-rental-eks": "shared"
            },
            "tags_all": {
              "Name": "car-rental-vpc-ap-south-1a",
              "kubernetes.io/cluster/car-rental-eks": "shared"
            },
            "timeouts": null,
            "vpc": true
          },
          "sensitive_attributes": [],
          "identity_schema_version": 0,
          "private": "eyJlMmJmYjczMC1lY2FhLTExZTYtOGY4OC0zNDM2M2JjN2M0YzAiOnsiZGVsZXRlIjoxODAwMDAwMDAwMDAsInJlYWQiOjkwMDAwMDAwMDAwMCwidXBkYXRlIjozMDAwMDAwMDAwMDB9fQ==",
          "dependencies": [
            "module.vpc.aws_internet_gateway.this",
            "module.vpc.aws_vpc.this",
            "module.vpc.aws_vpc_ipv4_cidr_block_association.this"
          ]
        }
      ]
    },
    {
      "module": "module.vpc",
      "mode": "managed",
      "type": "aws_internet_gateway",
      "name": "this",
      "provider": "provider[\"registry.terraform.io/hashicorp/aws\"]",
      "instances": [
        {
          "index_key": 0,
          "schema_version": 0,
          "attributes": {
            "arn": "arn:aws:ec2:ap-south-1:530639775842:internet-gateway/igw-0507e91d27dee3146",
            "id": "igw-0507e91d27dee3146",
            "owner_id": "530639775842",
            "tags": {
              "Name": "car-rental-vpc",
              "kubernetes.io/cluster/car-rental-eks": "shared"
            },
            "tags_all": {
              "Name": "car-rental-vpc",
              "kubernetes.io/cluster/car-rental-eks": "shared"
            },
            "timeouts": null,
            "vpc_id": "vpc-0dea0702bf789f853"
          },
          "sensitive_attributes": [],
          "identity_schema_version": 0,
          "private": "eyJlMmJmYjczMC1lY2FhLTExZTYtOGY4OC0zNDM2M2JjN2M0YzAiOnsiY3JlYXRlIjoxMjAwMDAwMDAwMDAwLCJkZWxldGUiOjEyMDAwMDAwMDAwMDAsInVwZGF0ZSI6MTIwMDAwMDAwMDAwMH19",
          "dependencies": [
            "module.vpc.aws_vpc.this",
            "module.vpc.aws_vpc_ipv4_cidr_block_association.this"
          ]
        }
      ]
    },
    {
      "module": "module.vpc",
      "mode": "managed",
      "type": "aws_nat_gateway",
      "name": "this",
      "provider": "provider[\"registry.terraform.io/hashicorp/aws\"]",
      "instances": [
        {
          "index_key": 0,
          "schema_version": 0,
          "attributes": {
            "allocation_id": "eipalloc-03cab35398b0d93ae",
            "association_id": "eipassoc-05e0fe7becd812c26",
            "connectivity_type": "public",
            "id": "nat-061be7751f9c1d260",
            "network_interface_id": "eni-05d9b32eb67a7e5aa",
            "private_ip": "10.0.1.203",
            "public_ip": "13.126.64.234",
            "secondary_allocation_ids": [],
            "secondary_private_ip_address_count": 0,
            "secondary_private_ip_addresses": [],
            "subnet_id": "subnet-054bcb34cdeeb0719",
            "tags": {
              "Name": "car-rental-vpc-ap-south-1a",
              "kubernetes.io/cluster/car-rental-eks": "shared"
            },
            "tags_all": {
              "Name": "car-rental-vpc-ap-south-1a",
              "kubernetes.io/cluster/car-rental-eks": "shared"
            },
            "timeouts": null
          },
          "sensitive_attributes": [],
          "identity_schema_version": 0,
          "private": "eyJlMmJmYjczMC1lY2FhLTExZTYtOGY4OC0zNDM2M2JjN2M0YzAiOnsiY3JlYXRlIjo2MDAwMDAwMDAwMDAsImRlbGV0ZSI6MTgwMDAwMDAwMDAwMCwidXBkYXRlIjo2MDAwMDAwMDAwMDB9fQ==",
          "dependencies": [
            "module.vpc.aws_eip.nat",
            "module.vpc.aws_internet_gateway.this",
            "module.vpc.aws_subnet.public",
            "module.vpc.aws_vpc.this",
            "module.vpc.aws_vpc_ipv4_cidr_block_association.this"
          ]
        }
      ]
    },
    {
      "module": "module.vpc",
      "mode": "managed",
      "type": "aws_route",
      "name": "private_nat_gateway",
      "provider": "provider[\"registry.terraform.io/hashicorp/aws\"]",
      "instances": [
        {
          "index_key": 0,
          "schema_version": 0,
          "attributes": {
            "carrier_gateway_id": "",
            "core_network_arn": "",
            "destination_cidr_block": "0.0.0.0/0",
            "destination_ipv6_cidr_block": "",
            "destination_prefix_list_id": "",
            "egress_only_gateway_id": "",
            "gateway_id": "",
            "id": "r-rtb-0485bf914498477681080289494",
            "instance_id": "",
            "instance_owner_id": "",
            "local_gateway_id": "",
            "nat_gateway_id": "nat-061be7751f9c1d260",
            "network_interface_id": "",
            "origin": "CreateRoute",
            "route_table_id": "rtb-0485bf91449847768",
            "state": "active",
            "timeouts": {
              "create": "5m",
              "delete": null,
              "update": null
            },
            "transit_gateway_id": "",
            "vpc_endpoint_id": "",
            "vpc_peering_connection_id": ""
          },
          "sensitive_attributes": [],
          "identity_schema_version": 0,
          "private": "eyJlMmJmYjczMC1lY2FhLTExZTYtOGY4OC0zNDM2M2JjN2M0YzAiOnsiY3JlYXRlIjozMDAwMDAwMDAwMDAsImRlbGV0ZSI6MzAwMDAwMDAwMDAwLCJ1cGRhdGUiOjEyMDAwMDAwMDAwMH19",
          "dependencies": [
            "module.vpc.aws_eip.nat",
            "module.vpc.aws_internet_gateway.this",
            "module.vpc.aws_nat_gateway.this",
            "module.vpc.aws_route_table.private",
            "module.vpc.aws_subnet.public",
            "module.vpc.aws_vpc.this",
            "module.vpc.aws_vpc_ipv4_cidr_block_association.this"
          ]
        }
      ]
    },
    {
      "module": "module.vpc",
      "mode": "managed",
      "type": "aws_route",
      "name": "public_internet_gateway",
      "provider": "provider[\"registry.terraform.io/hashicorp/aws\"]",
      "instances": [
        {
          "index_key": 0,
          "schema_version": 0,
          "attributes": {
            "carrier_gateway_id": "",
            "core_network_arn": "",
            "destination_cidr_block": "0.0.0.0/0",
            "destination_ipv6_cidr_block": "",
            "destination_prefix_list_id": "",
            "egress_only_gateway_id": "",
            "gateway_id": "igw-0507e91d27dee3146",
            "id": "r-rtb-009497ac79072b17c1080289494",
            "instance_id": "",
            "instance_owner_id": "",
            "local_gateway_id": "",
            "nat_gateway_id": "",
            "network_interface_id": "",
            "origin": "CreateRoute",
            "route_table_id": "rtb-009497ac79072b17c",
            "state": "active",
            "timeouts": {
              "create": "5m",
              "delete": null,
              "update": null
            },
            "transit_gateway_id": "",
            "vpc_endpoint_id": "",
            "vpc_peering_connection_id": ""
          },
          "sensitive_attributes": [],
          "identity_schema_version": 0,
          "private": "eyJlMmJmYjczMC1lY2FhLTExZTYtOGY4OC0zNDM2M2JjN2M0YzAiOnsiY3JlYXRlIjozMDAwMDAwMDAwMDAsImRlbGV0ZSI6MzAwMDAwMDAwMDAwLCJ1cGRhdGUiOjEyMDAwMDAwMDAwMH19",
          "dependencies": [
            "module.vpc.aws_internet_gateway.this",
            "module.vpc.aws_route_table.public",
            "module.vpc.aws_vpc.this",
            "module.vpc.aws_vpc_ipv4_cidr_block_association.this"
          ]
        }
      ]
    },
    {
      "module": "module.vpc",
      "mode": "managed",
      "type": "aws_route_table",
      "name": "private",
      "provider": "provider[\"registry.terraform.io/hashicorp/aws\"]",
      "instances": [
        {
          "index_key": 0,
          "schema_version": 0,
          "attributes": {
            "arn": "arn:aws:ec2:ap-south-1:530639775842:route-table/rtb-0485bf91449847768",
            "id": "rtb-0485bf91449847768",
            "owner_id": "530639775842",
            "propagating_vgws": [],
            "route": [
              {
                "carrier_gateway_id": "",
                "cidr_block": "0.0.0.0/0",
                "core_network_arn": "",
                "destination_prefix_list_id": "",
                "egress_only_gateway_id": "",
                "gateway_id": "",
                "ipv6_cidr_block": "",
                "local_gateway_id": "",
                "nat_gateway_id": "nat-061be7751f9c1d260",
                "network_interface_id": "",
                "transit_gateway_id": "",
                "vpc_endpoint_id": "",
                "vpc_peering_connection_id": ""
              }
            ],
            "tags": {
              "Name": "car-rental-vpc-private",
              "kubernetes.io/cluster/car-rental-eks": "shared"
            },
            "tags_all": {
              "Name": "car-rental-vpc-private",
              "kubernetes.io/cluster/car-rental-eks": "shared"
            },
            "timeouts": null,
            "vpc_id": "vpc-0dea0702bf789f853"
          },
          "sensitive_attributes": [],
          "identity_schema_version": 0,
          "private": "eyJlMmJmYjczMC1lY2FhLTExZTYtOGY4OC0zNDM2M2JjN2M0YzAiOnsiY3JlYXRlIjozMDAwMDAwMDAwMDAsImRlbGV0ZSI6MzAwMDAwMDAwMDAwLCJ1cGRhdGUiOjEyMDAwMDAwMDAwMH19",
          "dependencies": [
            "module.vpc.aws_vpc.this",
            "module.vpc.aws_vpc_ipv4_cidr_block_association.this"
          ]
        }
      ]
    },
    {
      "module": "module.vpc",
      "mode": "managed",
      "type": "aws_route_table",
      "name": "public",
      "provider": "provider[\"registry.terraform.io/hashicorp/aws\"]",
      "instances": [
        {
          "index_key": 0,
          "schema_version": 0,
          "attributes": {
            "arn": "arn:aws:ec2:ap-south-1:530639775842:route-table/rtb-009497ac79072b17c",
            "id": "rtb-009497ac79072b17c",
            "owner_id": "530639775842",
            "propagating_vgws": [],
            "route": [
              {
                "carrier_gateway_id": "",
                "cidr_block": "0.0.0.0/0",
                "core_network_arn": "",
                "destination_prefix_list_id": "",
                "egress_only_gateway_id": "",
                "gateway_id": "igw-0507e91d27dee3146",
                "ipv6_cidr_block": "",
                "local_gateway_id": "",
                "nat_gateway_id": "",
                "network_interface_id": "",
                "transit_gateway_id": "",
                "vpc_endpoint_id": "",
                "vpc_peering_connection_id": ""
              }
            ],
            "tags": {
              "Name": "car-rental-vpc-public",
              "kubernetes.io/cluster/car-rental-eks": "shared"
            },
            "tags_all": {
              "Name": "car-rental-vpc-public",
              "kubernetes.io/cluster/car-rental-eks": "shared"
            },
            "timeouts": null,
            "vpc_id": "vpc-0dea0702bf789f853"
          },
          "sensitive_attributes": [],
          "identity_schema_version": 0,
          "private": "eyJlMmJmYjczMC1lY2FhLTExZTYtOGY4OC0zNDM2M2JjN2M0YzAiOnsiY3JlYXRlIjozMDAwMDAwMDAwMDAsImRlbGV0ZSI6MzAwMDAwMDAwMDAwLCJ1cGRhdGUiOjEyMDAwMDAwMDAwMH19",
          "dependencies": [
            "module.vpc.aws_vpc.this",
            "module.vpc.aws_vpc_ipv4_cidr_block_association.this"
          ]
        }
      ]
    },
    {
      "module": "module.vpc",
      "mode": "managed",
      "type": "aws_route_table_association",
      "name": "private",
      "provider": "provider[\"registry.terraform.io/hashicorp/aws\"]",
      "instances": [
        {
          "index_key": 0,
          "schema_version": 0,
          "attributes": {
            "gateway_id": "",
            "id": "rtbassoc-057069eca17ae0b55",
            "route_table_id": "rtb-0485bf91449847768",
            "subnet_id": "subnet-031c4db5734d94fdc",
            "timeouts": null
          },
          "sensitive_attributes": [],
          "identity_schema_version": 0,
          "private": "eyJlMmJmYjczMC1lY2FhLTExZTYtOGY4OC0zNDM2M2JjN2M0YzAiOnsiY3JlYXRlIjozMDAwMDAwMDAwMDAsImRlbGV0ZSI6MzAwMDAwMDAwMDAwLCJ1cGRhdGUiOjEyMDAwMDAwMDAwMH19",
          "dependencies": [
            "module.vpc.aws_route_table.private",
            "module.vpc.aws_subnet.private",
            "module.vpc.aws_vpc.this",
            "module.vpc.aws_vpc_ipv4_cidr_block_association.this"
          ]
        },
        {
          "index_key": 1,
          "schema_version": 0,
          "attributes": {
            "gateway_id": "",
            "id": "rtbassoc-0cf67e69827155ff9",
            "route_table_id": "rtb-0485bf91449847768",
            "subnet_id": "subnet-0f1b9b28b663ef848",
            "timeouts": null
          },
          "sensitive_attributes": [],
          "identity_schema_version": 0,
          "private": "eyJlMmJmYjczMC1lY2FhLTExZTYtOGY4OC0zNDM2M2JjN2M0YzAiOnsiY3JlYXRlIjozMDAwMDAwMDAwMDAsImRlbGV0ZSI6MzAwMDAwMDAwMDAwLCJ1cGRhdGUiOjEyMDAwMDAwMDAwMH19",
          "dependencies": [
            "module.vpc.aws_route_table.private",
            "module.vpc.aws_subnet.private",
            "module.vpc.aws_vpc.this",
            "module.vpc.aws_vpc_ipv4_cidr_block_association.this"
          ]
        }
      ]
    },
    {
      "module": "module.vpc",
      "mode": "managed",
      "type": "aws_route_table_association",
      "name": "public",
      "provider": "provider[\"registry.terraform.io/hashicorp/aws\"]",
      "instances": [
        {
          "index_key": 0,
          "schema_version": 0,
          "attributes": {
            "gateway_id": "",
            "id": "rtbassoc-0c84b54a1f63476a7",
            "route_table_id": "rtb-009497ac79072b17c",
            "subnet_id": "subnet-054bcb34cdeeb0719",
            "timeouts": null
          },
          "sensitive_attributes": [],
          "identity_schema_version": 0,
          "private": "eyJlMmJmYjczMC1lY2FhLTExZTYtOGY4OC0zNDM2M2JjN2M0YzAiOnsiY3JlYXRlIjozMDAwMDAwMDAwMDAsImRlbGV0ZSI6MzAwMDAwMDAwMDAwLCJ1cGRhdGUiOjEyMDAwMDAwMDAwMH19",
          "dependencies": [
            "module.vpc.aws_route_table.public",
            "module.vpc.aws_subnet.public",
            "module.vpc.aws_vpc.this",
            "module.vpc.aws_vpc_ipv4_cidr_block_association.this"
          ]
        },
        {
          "index_key": 1,
          "schema_version": 0,
          "attributes": {
            "gateway_id": "",
            "id": "rtbassoc-067e8a23bde959c97",
            "route_table_id": "rtb-009497ac79072b17c",
            "subnet_id": "subnet-0ff1d2cc7bbc587ab",
            "timeouts": null
          },
          "sensitive_attributes": [],
          "identity_schema_version": 0,
          "private": "eyJlMmJmYjczMC1lY2FhLTExZTYtOGY4OC0zNDM2M2JjN2M0YzAiOnsiY3JlYXRlIjozMDAwMDAwMDAwMDAsImRlbGV0ZSI6MzAwMDAwMDAwMDAwLCJ1cGRhdGUiOjEyMDAwMDAwMDAwMH19",
          "dependencies": [
            "module.vpc.aws_route_table.public",
            "module.vpc.aws_subnet.public",
            "module.vpc.aws_vpc.this",
            "module.vpc.aws_vpc_ipv4_cidr_block_association.this"
          ]
        }
      ]
    },
    {
      "module": "module.vpc",
      "mode": "managed",
      "type": "aws_subnet",
      "name": "private",
      "provider": "provider[\"registry.terraform.io/hashicorp/aws\"]",
      "instances": [
        {
          "index_key": 0,
          "schema_version": 1,
          "attributes": {
            "arn": "arn:aws:ec2:ap-south-1:530639775842:subnet/subnet-031c4db5734d94fdc",
            "assign_ipv6_address_on_creation": false,
            "availability_zone": "ap-south-1a",
            "availability_zone_id": "aps1-az1",
            "cidr_block": "10.0.3.0/24",
            "customer_owned_ipv4_pool": "",
            "enable_dns64": false,
            "enable_lni_at_device_index": 0,
            "enable_resource_name_dns_a_record_on_launch": false,
            "enable_resource_name_dns_aaaa_record_on_launch": false,
            "id": "subnet-031c4db5734d94fdc",
            "ipv6_cidr_block": "",
            "ipv6_cidr_block_association_id": "",
            "ipv6_native": false,
            "map_customer_owned_ip_on_launch": false,
            "map_public_ip_on_launch": false,
            "outpost_arn": "",
            "owner_id": "530639775842",
            "private_dns_hostname_type_on_launch": "ip-name",
            "tags": {
              "Name": "car-rental-vpc-private-ap-south-1a",
              "kubernetes.io/cluster/car-rental-eks": "shared",
              "kubernetes.io/role/internal-elb": "1"
            },
            "tags_all": {
              "Name": "car-rental-vpc-private-ap-south-1a",
              "kubernetes.io/cluster/car-rental-eks": "shared",
              "kubernetes.io/role/internal-elb": "1"
            },
            "timeouts": null,
            "vpc_id": "vpc-0dea0702bf789f853"
          },
          "sensitive_attributes": [],
          "identity_schema_version": 0,
          "private": "eyJlMmJmYjczMC1lY2FhLTExZTYtOGY4OC0zNDM2M2JjN2M0YzAiOnsiY3JlYXRlIjo2MDAwMDAwMDAwMDAsImRlbGV0ZSI6MTIwMDAwMDAwMDAwMH0sInNjaGVtYV92ZXJzaW9uIjoiMSJ9",
          "dependencies": [
            "module.vpc.aws_vpc.this",
            "module.vpc.aws_vpc_ipv4_cidr_block_association.this"
          ],
          "create_before_destroy": true
        },
        {
          "index_key": 1,
          "schema_version": 1,
          "attributes": {
            "arn": "arn:aws:ec2:ap-south-1:530639775842:subnet/subnet-0f1b9b28b663ef848",
            "assign_ipv6_address_on_creation": false,
            "availability_zone": "ap-south-1b",
            "availability_zone_id": "aps1-az3",
            "cidr_block": "10.0.4.0/24",
            "customer_owned_ipv4_pool": "",
            "enable_dns64": false,
            "enable_lni_at_device_index": 0,
            "enable_resource_name_dns_a_record_on_launch": false,
            "enable_resource_name_dns_aaaa_record_on_launch": false,
            "id": "subnet-0f1b9b28b663ef848",
            "ipv6_cidr_block": "",
            "ipv6_cidr_block_association_id": "",
            "ipv6_native": false,
            "map_customer_owned_ip_on_launch": false,
            "map_public_ip_on_launch": false,
            "outpost_arn": "",
            "owner_id": "530639775842",
            "private_dns_hostname_type_on_launch": "ip-name",
            "tags": {
              "Name": "car-rental-vpc-private-ap-south-1b",
              "kubernetes.io/cluster/car-rental-eks": "shared",
              "kubernetes.io/role/internal-elb": "1"
            },
            "tags_all": {
              "Name": "car-rental-vpc-private-ap-south-1b",
              "kubernetes.io/cluster/car-rental-eks": "shared",
              "kubernetes.io/role/internal-elb": "1"
            },
            "timeouts": null,
            "vpc_id": "vpc-0dea0702bf789f853"
          },
          "sensitive_attributes": [],
          "identity_schema_version": 0,
          "private": "eyJlMmJmYjczMC1lY2FhLTExZTYtOGY4OC0zNDM2M2JjN2M0YzAiOnsiY3JlYXRlIjo2MDAwMDAwMDAwMDAsImRlbGV0ZSI6MTIwMDAwMDAwMDAwMH0sInNjaGVtYV92ZXJzaW9uIjoiMSJ9",
          "dependencies": [
            "module.vpc.aws_vpc.this",
            "module.vpc.aws_vpc_ipv4_cidr_block_association.this"
          ],
          "create_before_destroy": true
        }
      ]
    },
    {
      "module": "module.vpc",
      "mode": "managed",
      "type": "aws_subnet",
      "name": "public",
      "provider": "provider[\"registry.terraform.io/hashicorp/aws\"]",
      "instances": [
        {
          "index_key": 0,
          "schema_version": 1,
          "attributes": {
            "arn": "arn:aws:ec2:ap-south-1:530639775842:subnet/subnet-054bcb34cdeeb0719",
            "assign_ipv6_address_on_creation": false,
            "availability_zone": "ap-south-1a",
            "availability_zone_id": "aps1-az1",
            "cidr_block": "10.0.1.0/24",
            "customer_owned_ipv4_pool": "",
            "enable_dns64": false,
            "enable_lni_at_device_index": 0,
            "enable_resource_name_dns_a_record_on_launch": false,
            "enable_resource_name_dns_aaaa_record_on_launch": false,
            "id": "subnet-054bcb34cdeeb0719",
            "ipv6_cidr_block": "",
            "ipv6_cidr_block_association_id": "",
            "ipv6_native": false,
            "map_customer_owned_ip_on_launch": false,
            "map_public_ip_on_launch": false,
            "outpost_arn": "",
            "owner_id": "530639775842",
            "private_dns_hostname_type_on_launch": "ip-name",
            "tags": {
              "Name": "car-rental-vpc-public-ap-south-1a",
              "kubernetes.io/cluster/car-rental-eks": "shared",
              "kubernetes.io/role/elb": "1"
            },
            "tags_all": {
              "Name": "car-rental-vpc-public-ap-south-1a",
              "kubernetes.io/cluster/car-rental-eks": "shared",
              "kubernetes.io/role/elb": "1"
            },
            "timeouts": null,
            "vpc_id": "vpc-0dea0702bf789f853"
          },
          "sensitive_attributes": [],
          "identity_schema_version": 0,
          "private": "eyJlMmJmYjczMC1lY2FhLTExZTYtOGY4OC0zNDM2M2JjN2M0YzAiOnsiY3JlYXRlIjo2MDAwMDAwMDAwMDAsImRlbGV0ZSI6MTIwMDAwMDAwMDAwMH0sInNjaGVtYV92ZXJzaW9uIjoiMSJ9",
          "dependencies": [
            "module.vpc.aws_vpc.this",
            "module.vpc.aws_vpc_ipv4_cidr_block_association.this"
          ]
        },
        {
          "index_key": 1,
          "schema_version": 1,
          "attributes": {
            "arn": "arn:aws:ec2:ap-south-1:530639775842:subnet/subnet-0ff1d2cc7bbc587ab",
            "assign_ipv6_address_on_creation": false,
            "availability_zone": "ap-south-1b",
            "availability_zone_id": "aps1-az3",
            "cidr_block": "10.0.2.0/24",
            "customer_owned_ipv4_pool": "",
            "enable_dns64": false,
            "enable_lni_at_device_index": 0,
            "enable_resource_name_dns_a_record_on_launch": false,
            "enable_resource_name_dns_aaaa_record_on_launch": false,
            "id": "subnet-0ff1d2cc7bbc587ab",
            "ipv6_cidr_block": "",
            "ipv6_cidr_block_association_id": "",
            "ipv6_native": false,
            "map_customer_owned_ip_on_launch": false,
            "map_public_ip_on_launch": false,
            "outpost_arn": "",
            "owner_id": "530639775842",
            "private_dns_hostname_type_on_launch": "ip-name",
            "tags": {
              "Name": "car-rental-vpc-public-ap-south-1b",
              "kubernetes.io/cluster/car-rental-eks": "shared",
              "kubernetes.io/role/elb": "1"
            },
            "tags_all": {
              "Name": "car-rental-vpc-public-ap-south-1b",
              "kubernetes.io/cluster/car-rental-eks": "shared",
              "kubernetes.io/role/elb": "1"
            },
            "timeouts": null,
            "vpc_id": "vpc-0dea0702bf789f853"
          },
          "sensitive_attributes": [],
          "identity_schema_version": 0,
          "private": "eyJlMmJmYjczMC1lY2FhLTExZTYtOGY4OC0zNDM2M2JjN2M0YzAiOnsiY3JlYXRlIjo2MDAwMDAwMDAwMDAsImRlbGV0ZSI6MTIwMDAwMDAwMDAwMH0sInNjaGVtYV92ZXJzaW9uIjoiMSJ9",
          "dependencies": [
            "module.vpc.aws_vpc.this",
            "module.vpc.aws_vpc_ipv4_cidr_block_association.this"
          ]
        }
      ]
    },
    {
      "module": "module.vpc",
      "mode": "managed",
      "type": "aws_vpc",
      "name": "this",
      "provider": "provider[\"registry.terraform.io/hashicorp/aws\"]",
      "instances": [
        {
          "index_key": 0,
          "schema_version": 1,
          "attributes": {
            "arn": "arn:aws:ec2:ap-south-1:530639775842:vpc/vpc-0dea0702bf789f853",
            "assign_generated_ipv6_cidr_block": false,
            "cidr_block": "10.0.0.0/16",
            "default_network_acl_id": "acl-0b9514d57c61862b4",
            "default_route_table_id": "rtb-0030d59bdef8cada0",
            "default_security_group_id": "sg-0d49a59c59a659ce0",
            "dhcp_options_id": "dopt-0cf0021d86709915c",
            "enable_dns_hostnames": true,
            "enable_dns_support": true,
            "enable_network_address_usage_metrics": false,
            "id": "vpc-0dea0702bf789f853",
            "instance_tenancy": "default",
            "ipv4_ipam_pool_id": null,
            "ipv4_netmask_length": null,
            "ipv6_association_id": "",
            "ipv6_cidr_block": "",
            "ipv6_cidr_block_network_border_group": "",
            "ipv6_ipam_pool_id": "",
            "ipv6_netmask_length": 0,
            "main_route_table_id": "rtb-0030d59bdef8cada0",
            "owner_id": "530639775842",
            "tags": {
              "Name": "car-rental-vpc",
              "kubernetes.io/cluster/car-rental-eks": "shared"
            },
            "tags_all": {
              "Name": "car-rental-vpc",
              "kubernetes.io/cluster/car-rental-eks": "shared"
            }
          },
          "sensitive_attributes": [],
          "identity_schema_version": 0,
          "private": "eyJzY2hlbWFfdmVyc2lvbiI6IjEifQ==",
          "create_before_destroy": true
        }
      ]
    }
  ],
  "check_results": null
}
